{
  "version": 4,
  "terraform_version": "0.12.24",
  "serial": 53,
  "lineage": "7b43a662-c913-4176-40b9-c7e797c32b46",
  "outputs": {
    "cluster_endpoint": {
      "value": "https://040771BEEBE4D80B22056D9DA3A922C9.gr7.us-east-2.eks.amazonaws.com",
      "type": "string"
    },
    "config_map_aws_auth": {
      "value": "apiVersion: v1\nkind: ConfigMap\nmetadata:\n  name: aws-auth\n  namespace: kube-system\ndata:\n  mapRoles: |\n    - rolearn: arn:aws:iam::552086789601:role/cloudskiff-eks-KCcCmkbB20200508091319629900000006\n      username: system:node:{{EC2PrivateDNSName}}\n      groups:\n        - system:bootstrappers\n        - system:nodes\n\n  \n  \n  \n",
      "type": "string"
    },
    "kubectl_config": {
      "value": "apiVersion: v1\npreferences: {}\nkind: Config\n\nclusters:\n- cluster:\n    server: https://040771BEEBE4D80B22056D9DA3A922C9.gr7.us-east-2.eks.amazonaws.com\n    certificate-authority-data: LS0tLS1CRUdJTiBDRVJUSUZJQ0FURS0tLS0tCk1JSUN5RENDQWJDZ0F3SUJBZ0lCQURBTkJna3Foa2lHOXcwQkFRc0ZBREFWTVJNd0VRWURWUVFERXdwcmRXSmwKY201bGRHVnpNQjRYRFRJd01EVXdPREE1TVRFeU9Gb1hEVE13TURVd05qQTVNVEV5T0Zvd0ZURVRNQkVHQTFVRQpBeE1LYTNWaVpYSnVaWFJsY3pDQ0FTSXdEUVlKS29aSWh2Y05BUUVCQlFBRGdnRVBBRENDQVFvQ2dnRUJBTHlhCjBUbTlVaVZDREtvQ0FidnFVSVF1dzBsOUduZ1pMa2VOSjE3QTBndXJHL1hqVjJJNXdSV2ZOQ1BLcHRUR2JReU0KMER4MGJ2N1loRjNiNnMrTllCNWNoQjNZcWJMeWJ0RFAyc1Z6bHU2TXlSWGRhT1J4SDRrWVUzZGc1QXc5TU5oUwpqSzNoVGU5ZkdSNU1TNWd6cXZWc2s3eGVjR2FGemVBa3JlSnpiUDhjbU9FdU9nZWxCL3lRSG1WT0MwaTRWK1c4CkZNQzE2ckwwWGtzcFhTcjc0ZlEwbjZuNUphTXE2dEprdHgyZXpINVFyUm5FMk5iQzhscDJUWlVkRlBtMHBhMlgKc05UWCtrUW51dElBd1ZtRjBERGhmTkl2dDRyVzhkKytDSW1VanI0MWx0amRhYkNZVXJNaitrOTNSU2l3MkxQNwpsemRDTy9yWEFiTVBhT0t1Z1pzQ0F3RUFBYU1qTUNFd0RnWURWUjBQQVFIL0JBUURBZ0trTUE4R0ExVWRFd0VCCi93UUZNQU1CQWY4d0RRWUpLb1pJaHZjTkFRRUxCUUFEZ2dFQkFEYS9KRFVSNWU5WGZGVlRvcGlaM2ZudUVDQzYKdmdmZlp0MmwxR1VFQzBlWVZZdWd6Y2thOVpsdDRyYlNScHQ5em9WbTJBV1ZidTNZaGNzSTJsVmU3Zk1WbFB5WApoZnpaekE4enZ6SE9RVzcxekN3d2IwTUU2N3J1eC96bWlldDVSUHY1c3QzaVB5YXV2M1ZoSi91ZDhyYitXSVJxCnA0T2FCNk1WelZKZGlsWnFiV2FSek4zWVY4ODc4TlhxVytYblZkcll5aDk5SGtEOUt6QU9SaU9DUll4clJlaGYKZmJEZ3I1UG1OZTBXcEwwV0ViWTMzbGF5NkVxNVMvYmFhM3NzUEZ5cUJQZnVJNmF4Sm9TKzBkYnVKZXQ5NWoyRAo3NGNyWG1DRWNQMXlSRWQxbUU1VWR3Z1VWbmxwZVJ0NVNRL3RRQk5hemhCaWhlZVBTMTl3RDVJRE0xWT0KLS0tLS1FTkQgQ0VSVElGSUNBVEUtLS0tLQo=\n  name: eks_cloudskiff-eks-KCcCmkbB\n\ncontexts:\n- context:\n    cluster: eks_cloudskiff-eks-KCcCmkbB\n    user: eks_cloudskiff-eks-KCcCmkbB\n  name: eks_cloudskiff-eks-KCcCmkbB\n\ncurrent-context: eks_cloudskiff-eks-KCcCmkbB\n\nusers:\n- name: eks_cloudskiff-eks-KCcCmkbB\n  user:\n    exec:\n      apiVersion: client.authentication.k8s.io/v1alpha1\n      command: aws-iam-authenticator\n      args:\n        - \"token\"\n        - \"-i\"\n        - \"cloudskiff-eks-KCcCmkbB\"\n\n\n",
      "type": "string"
    },
    "region": {
      "value": "us-east-2",
      "type": "string"
    }
  },
  "resources": [
    {
      "module": "module.cluster-1",
      "mode": "data",
      "type": "aws_ami",
      "name": "eks_worker",
      "provider": "provider.aws",
      "instances": [
        {
          "schema_version": 0,
          "attributes": {
            "architecture": "x86_64",
            "block_device_mappings": [
              {
                "device_name": "/dev/xvda",
                "ebs": {
                  "delete_on_termination": "true",
                  "encrypted": "false",
                  "iops": "0",
                  "snapshot_id": "snap-0c516da084a4d42eb",
                  "volume_size": "20",
                  "volume_type": "gp2"
                },
                "no_device": "",
                "virtual_name": ""
              }
            ],
            "creation_date": "2020-04-24T01:43:31.000Z",
            "description": "EKS Kubernetes Worker AMI with AmazonLinux2 image, (k8s: 1.14.9, docker:18.09.9ce-2.amzn2)",
            "executable_users": null,
            "filter": [
              {
                "name": "name",
                "values": [
                  "amazon-eks-node-1.14-v*"
                ]
              }
            ],
            "hypervisor": "xen",
            "id": "ami-0cf254c9c4f8f8f0f",
            "image_id": "ami-0cf254c9c4f8f8f0f",
            "image_location": "amazon/amazon-eks-node-1.14-v20200423",
            "image_owner_alias": "amazon",
            "image_type": "machine",
            "kernel_id": null,
            "most_recent": true,
            "name": "amazon-eks-node-1.14-v20200423",
            "name_regex": null,
            "owner_id": "602401143452",
            "owners": [
              "602401143452"
            ],
            "platform": null,
            "product_codes": [],
            "public": true,
            "ramdisk_id": null,
            "root_device_name": "/dev/xvda",
            "root_device_type": "ebs",
            "root_snapshot_id": "snap-0c516da084a4d42eb",
            "sriov_net_support": "simple",
            "state": "available",
            "state_reason": {
              "code": "UNSET",
              "message": "UNSET"
            },
            "tags": {},
            "virtualization_type": "hvm"
          }
        }
      ]
    },
    {
      "module": "module.cluster-1",
      "mode": "data",
      "type": "aws_ami",
      "name": "eks_worker_windows",
      "provider": "provider.aws",
      "instances": [
        {
          "schema_version": 0,
          "attributes": {
            "architecture": "x86_64",
            "block_device_mappings": [
              {
                "device_name": "/dev/sda1",
                "ebs": {
                  "delete_on_termination": "true",
                  "encrypted": "false",
                  "iops": "0",
                  "snapshot_id": "snap-0be971644be9449d3",
                  "volume_size": "50",
                  "volume_type": "gp2"
                },
                "no_device": "",
                "virtual_name": ""
              },
              {
                "device_name": "xvdca",
                "ebs": {},
                "no_device": "",
                "virtual_name": "ephemeral0"
              },
              {
                "device_name": "xvdcb",
                "ebs": {},
                "no_device": "",
                "virtual_name": "ephemeral1"
              },
              {
                "device_name": "xvdcc",
                "ebs": {},
                "no_device": "",
                "virtual_name": "ephemeral2"
              },
              {
                "device_name": "xvdcd",
                "ebs": {},
                "no_device": "",
                "virtual_name": "ephemeral3"
              },
              {
                "device_name": "xvdce",
                "ebs": {},
                "no_device": "",
                "virtual_name": "ephemeral4"
              },
              {
                "device_name": "xvdcf",
                "ebs": {},
                "no_device": "",
                "virtual_name": "ephemeral5"
              },
              {
                "device_name": "xvdcg",
                "ebs": {},
                "no_device": "",
                "virtual_name": "ephemeral6"
              },
              {
                "device_name": "xvdch",
                "ebs": {},
                "no_device": "",
                "virtual_name": "ephemeral7"
              },
              {
                "device_name": "xvdci",
                "ebs": {},
                "no_device": "",
                "virtual_name": "ephemeral8"
              },
              {
                "device_name": "xvdcj",
                "ebs": {},
                "no_device": "",
                "virtual_name": "ephemeral9"
              },
              {
                "device_name": "xvdck",
                "ebs": {},
                "no_device": "",
                "virtual_name": "ephemeral10"
              },
              {
                "device_name": "xvdcl",
                "ebs": {},
                "no_device": "",
                "virtual_name": "ephemeral11"
              },
              {
                "device_name": "xvdcm",
                "ebs": {},
                "no_device": "",
                "virtual_name": "ephemeral12"
              },
              {
                "device_name": "xvdcn",
                "ebs": {},
                "no_device": "",
                "virtual_name": "ephemeral13"
              },
              {
                "device_name": "xvdco",
                "ebs": {},
                "no_device": "",
                "virtual_name": "ephemeral14"
              },
              {
                "device_name": "xvdcp",
                "ebs": {},
                "no_device": "",
                "virtual_name": "ephemeral15"
              },
              {
                "device_name": "xvdcq",
                "ebs": {},
                "no_device": "",
                "virtual_name": "ephemeral16"
              },
              {
                "device_name": "xvdcr",
                "ebs": {},
                "no_device": "",
                "virtual_name": "ephemeral17"
              },
              {
                "device_name": "xvdcs",
                "ebs": {},
                "no_device": "",
                "virtual_name": "ephemeral18"
              },
              {
                "device_name": "xvdct",
                "ebs": {},
                "no_device": "",
                "virtual_name": "ephemeral19"
              },
              {
                "device_name": "xvdcu",
                "ebs": {},
                "no_device": "",
                "virtual_name": "ephemeral20"
              },
              {
                "device_name": "xvdcv",
                "ebs": {},
                "no_device": "",
                "virtual_name": "ephemeral21"
              },
              {
                "device_name": "xvdcw",
                "ebs": {},
                "no_device": "",
                "virtual_name": "ephemeral22"
              },
              {
                "device_name": "xvdcx",
                "ebs": {},
                "no_device": "",
                "virtual_name": "ephemeral23"
              },
              {
                "device_name": "xvdcy",
                "ebs": {},
                "no_device": "",
                "virtual_name": "ephemeral24"
              },
              {
                "device_name": "xvdcz",
                "ebs": {},
                "no_device": "",
                "virtual_name": "ephemeral25"
              }
            ],
            "creation_date": "2020-04-15T16:45:40.000Z",
            "description": "Microsoft Windows Server 2019 Core optimized for EKS and provided by Amazon",
            "executable_users": null,
            "filter": [
              {
                "name": "name",
                "values": [
                  "Windows_Server-2019-English-Core-EKS_Optimized-1.14-*"
                ]
              },
              {
                "name": "platform",
                "values": [
                  "windows"
                ]
              }
            ],
            "hypervisor": "xen",
            "id": "ami-0e5095acf5dc16c39",
            "image_id": "ami-0e5095acf5dc16c39",
            "image_location": "amazon/Windows_Server-2019-English-Core-EKS_Optimized-1.14-2020.04.15",
            "image_owner_alias": "amazon",
            "image_type": "machine",
            "kernel_id": null,
            "most_recent": true,
            "name": "Windows_Server-2019-English-Core-EKS_Optimized-1.14-2020.04.15",
            "name_regex": null,
            "owner_id": "801119661308",
            "owners": [
              "801119661308"
            ],
            "platform": "windows",
            "product_codes": [],
            "public": true,
            "ramdisk_id": null,
            "root_device_name": "/dev/sda1",
            "root_device_type": "ebs",
            "root_snapshot_id": "snap-0be971644be9449d3",
            "sriov_net_support": "simple",
            "state": "available",
            "state_reason": {
              "code": "UNSET",
              "message": "UNSET"
            },
            "tags": {},
            "virtualization_type": "hvm"
          }
        }
      ]
    },
    {
      "mode": "data",
      "type": "aws_availability_zones",
      "name": "available",
      "provider": "provider.aws",
      "instances": [
        {
          "schema_version": 0,
          "attributes": {
            "all_availability_zones": null,
            "blacklisted_names": null,
            "blacklisted_zone_ids": null,
            "filter": null,
            "group_names": [
              "us-east-2"
            ],
            "id": "2020-05-08 09:04:11.718694591 +0000 UTC",
            "names": [
              "us-east-2a",
              "us-east-2b",
              "us-east-2c"
            ],
            "state": null,
            "zone_ids": [
              "use2-az1",
              "use2-az2",
              "use2-az3"
            ]
          }
        }
      ]
    },
    {
      "module": "module.cluster-1",
      "mode": "data",
      "type": "aws_caller_identity",
      "name": "current",
      "provider": "provider.aws",
      "instances": [
        {
          "schema_version": 0,
          "attributes": {
            "account_id": "552086789601",
            "arn": "arn:aws:iam::552086789601:user/ayobuba",
            "id": "2020-05-08 09:04:12.082455644 +0000 UTC",
            "user_id": "AIDAYBCXP3XQQCTJ6H4VE"
          }
        }
      ]
    },
    {
      "module": "module.cluster-1",
      "mode": "data",
      "type": "aws_iam_instance_profile",
      "name": "custom_worker_group_iam_instance_profile",
      "each": "list",
      "provider": "provider.aws",
      "instances": []
    },
    {
      "module": "module.cluster-1",
      "mode": "data",
      "type": "aws_iam_instance_profile",
      "name": "custom_worker_group_launch_template_iam_instance_profile",
      "each": "list",
      "provider": "provider.aws",
      "instances": []
    },
    {
      "module": "module.cluster-1",
      "mode": "data",
      "type": "aws_iam_policy_document",
      "name": "cluster_assume_role_policy",
      "provider": "provider.aws",
      "instances": [
        {
          "schema_version": 0,
          "attributes": {
            "id": "2764486067",
            "json": "{\n  \"Version\": \"2012-10-17\",\n  \"Statement\": [\n    {\n      \"Sid\": \"EKSClusterAssumeRole\",\n      \"Effect\": \"Allow\",\n      \"Action\": \"sts:AssumeRole\",\n      \"Principal\": {\n        \"Service\": \"eks.amazonaws.com\"\n      }\n    }\n  ]\n}",
            "override_json": null,
            "policy_id": null,
            "source_json": null,
            "statement": [
              {
                "actions": [
                  "sts:AssumeRole"
                ],
                "condition": [],
                "effect": "Allow",
                "not_actions": [],
                "not_principals": [],
                "not_resources": [],
                "principals": [
                  {
                    "identifiers": [
                      "eks.amazonaws.com"
                    ],
                    "type": "Service"
                  }
                ],
                "resources": [],
                "sid": "EKSClusterAssumeRole"
              }
            ],
            "version": "2012-10-17"
          }
        }
      ]
    },
    {
      "module": "module.cluster-1",
      "mode": "data",
      "type": "aws_iam_policy_document",
      "name": "worker_autoscaling",
      "provider": "provider.aws",
      "instances": [
        {
          "schema_version": 0,
          "attributes": {
            "id": "1607622308",
            "json": "{\n  \"Version\": \"2012-10-17\",\n  \"Statement\": [\n    {\n      \"Sid\": \"eksWorkerAutoscalingAll\",\n      \"Effect\": \"Allow\",\n      \"Action\": [\n        \"ec2:DescribeLaunchTemplateVersions\",\n        \"autoscaling:DescribeTags\",\n        \"autoscaling:DescribeLaunchConfigurations\",\n        \"autoscaling:DescribeAutoScalingInstances\",\n        \"autoscaling:DescribeAutoScalingGroups\"\n      ],\n      \"Resource\": \"*\"\n    },\n    {\n      \"Sid\": \"eksWorkerAutoscalingOwn\",\n      \"Effect\": \"Allow\",\n      \"Action\": [\n        \"autoscaling:UpdateAutoScalingGroup\",\n        \"autoscaling:TerminateInstanceInAutoScalingGroup\",\n        \"autoscaling:SetDesiredCapacity\"\n      ],\n      \"Resource\": \"*\",\n      \"Condition\": {\n        \"StringEquals\": {\n          \"autoscaling:ResourceTag/k8s.io/cluster-autoscaler/enabled\": \"true\",\n          \"autoscaling:ResourceTag/kubernetes.io/cluster/cloudskiff-eks-KCcCmkbB\": \"owned\"\n        }\n      }\n    }\n  ]\n}",
            "override_json": null,
            "policy_id": null,
            "source_json": null,
            "statement": [
              {
                "actions": [
                  "autoscaling:DescribeAutoScalingGroups",
                  "autoscaling:DescribeAutoScalingInstances",
                  "autoscaling:DescribeLaunchConfigurations",
                  "autoscaling:DescribeTags",
                  "ec2:DescribeLaunchTemplateVersions"
                ],
                "condition": [],
                "effect": "Allow",
                "not_actions": [],
                "not_principals": [],
                "not_resources": [],
                "principals": [],
                "resources": [
                  "*"
                ],
                "sid": "eksWorkerAutoscalingAll"
              },
              {
                "actions": [
                  "autoscaling:SetDesiredCapacity",
                  "autoscaling:TerminateInstanceInAutoScalingGroup",
                  "autoscaling:UpdateAutoScalingGroup"
                ],
                "condition": [
                  {
                    "test": "StringEquals",
                    "values": [
                      "owned"
                    ],
                    "variable": "autoscaling:ResourceTag/kubernetes.io/cluster/cloudskiff-eks-KCcCmkbB"
                  },
                  {
                    "test": "StringEquals",
                    "values": [
                      "true"
                    ],
                    "variable": "autoscaling:ResourceTag/k8s.io/cluster-autoscaler/enabled"
                  }
                ],
                "effect": "Allow",
                "not_actions": [],
                "not_principals": [],
                "not_resources": [],
                "principals": [],
                "resources": [
                  "*"
                ],
                "sid": "eksWorkerAutoscalingOwn"
              }
            ],
            "version": "2012-10-17"
          }
        }
      ]
    },
    {
      "module": "module.cluster-1",
      "mode": "data",
      "type": "aws_iam_policy_document",
      "name": "workers_assume_role_policy",
      "provider": "provider.aws",
      "instances": [
        {
          "schema_version": 0,
          "attributes": {
            "id": "3778018924",
            "json": "{\n  \"Version\": \"2012-10-17\",\n  \"Statement\": [\n    {\n      \"Sid\": \"EKSWorkerAssumeRole\",\n      \"Effect\": \"Allow\",\n      \"Action\": \"sts:AssumeRole\",\n      \"Principal\": {\n        \"Service\": \"ec2.amazonaws.com\"\n      }\n    }\n  ]\n}",
            "override_json": null,
            "policy_id": null,
            "source_json": null,
            "statement": [
              {
                "actions": [
                  "sts:AssumeRole"
                ],
                "condition": [],
                "effect": "Allow",
                "not_actions": [],
                "not_principals": [],
                "not_resources": [],
                "principals": [
                  {
                    "identifiers": [
                      "ec2.amazonaws.com"
                    ],
                    "type": "Service"
                  }
                ],
                "resources": [],
                "sid": "EKSWorkerAssumeRole"
              }
            ],
            "version": "2012-10-17"
          }
        }
      ]
    },
    {
      "module": "module.cluster-1",
      "mode": "data",
      "type": "aws_iam_role",
      "name": "custom_cluster_iam_role",
      "each": "list",
      "provider": "provider.aws",
      "instances": []
    },
    {
      "module": "module.vpc",
      "mode": "data",
      "type": "aws_vpc_endpoint_service",
      "name": "apigw",
      "each": "list",
      "provider": "provider.aws",
      "instances": []
    },
    {
      "module": "module.vpc",
      "mode": "data",
      "type": "aws_vpc_endpoint_service",
      "name": "appmesh_envoy_management",
      "each": "list",
      "provider": "provider.aws",
      "instances": []
    },
    {
      "module": "module.vpc",
      "mode": "data",
      "type": "aws_vpc_endpoint_service",
      "name": "appstream",
      "each": "list",
      "provider": "provider.aws",
      "instances": []
    },
    {
      "module": "module.vpc",
      "mode": "data",
      "type": "aws_vpc_endpoint_service",
      "name": "athena",
      "each": "list",
      "provider": "provider.aws",
      "instances": []
    },
    {
      "module": "module.vpc",
      "mode": "data",
      "type": "aws_vpc_endpoint_service",
      "name": "cloudformation",
      "each": "list",
      "provider": "provider.aws",
      "instances": []
    },
    {
      "module": "module.vpc",
      "mode": "data",
      "type": "aws_vpc_endpoint_service",
      "name": "cloudtrail",
      "each": "list",
      "provider": "provider.aws",
      "instances": []
    },
    {
      "module": "module.vpc",
      "mode": "data",
      "type": "aws_vpc_endpoint_service",
      "name": "codebuild",
      "each": "list",
      "provider": "provider.aws",
      "instances": []
    },
    {
      "module": "module.vpc",
      "mode": "data",
      "type": "aws_vpc_endpoint_service",
      "name": "codecommit",
      "each": "list",
      "provider": "provider.aws",
      "instances": []
    },
    {
      "module": "module.vpc",
      "mode": "data",
      "type": "aws_vpc_endpoint_service",
      "name": "codepipeline",
      "each": "list",
      "provider": "provider.aws",
      "instances": []
    },
    {
      "module": "module.vpc",
      "mode": "data",
      "type": "aws_vpc_endpoint_service",
      "name": "config",
      "each": "list",
      "provider": "provider.aws",
      "instances": []
    },
    {
      "module": "module.vpc",
      "mode": "data",
      "type": "aws_vpc_endpoint_service",
      "name": "dynamodb",
      "each": "list",
      "provider": "provider.aws",
      "instances": []
    },
    {
      "module": "module.vpc",
      "mode": "data",
      "type": "aws_vpc_endpoint_service",
      "name": "ec2",
      "each": "list",
      "provider": "provider.aws",
      "instances": []
    },
    {
      "module": "module.vpc",
      "mode": "data",
      "type": "aws_vpc_endpoint_service",
      "name": "ec2messages",
      "each": "list",
      "provider": "provider.aws",
      "instances": []
    },
    {
      "module": "module.vpc",
      "mode": "data",
      "type": "aws_vpc_endpoint_service",
      "name": "ecr_api",
      "each": "list",
      "provider": "provider.aws",
      "instances": []
    },
    {
      "module": "module.vpc",
      "mode": "data",
      "type": "aws_vpc_endpoint_service",
      "name": "ecr_dkr",
      "each": "list",
      "provider": "provider.aws",
      "instances": []
    },
    {
      "module": "module.vpc",
      "mode": "data",
      "type": "aws_vpc_endpoint_service",
      "name": "ecs",
      "each": "list",
      "provider": "provider.aws",
      "instances": []
    },
    {
      "module": "module.vpc",
      "mode": "data",
      "type": "aws_vpc_endpoint_service",
      "name": "ecs_agent",
      "each": "list",
      "provider": "provider.aws",
      "instances": []
    },
    {
      "module": "module.vpc",
      "mode": "data",
      "type": "aws_vpc_endpoint_service",
      "name": "ecs_telemetry",
      "each": "list",
      "provider": "provider.aws",
      "instances": []
    },
    {
      "module": "module.vpc",
      "mode": "data",
      "type": "aws_vpc_endpoint_service",
      "name": "elasticloadbalancing",
      "each": "list",
      "provider": "provider.aws",
      "instances": []
    },
    {
      "module": "module.vpc",
      "mode": "data",
      "type": "aws_vpc_endpoint_service",
      "name": "events",
      "each": "list",
      "provider": "provider.aws",
      "instances": []
    },
    {
      "module": "module.vpc",
      "mode": "data",
      "type": "aws_vpc_endpoint_service",
      "name": "git_codecommit",
      "each": "list",
      "provider": "provider.aws",
      "instances": []
    },
    {
      "module": "module.vpc",
      "mode": "data",
      "type": "aws_vpc_endpoint_service",
      "name": "glue",
      "each": "list",
      "provider": "provider.aws",
      "instances": []
    },
    {
      "module": "module.vpc",
      "mode": "data",
      "type": "aws_vpc_endpoint_service",
      "name": "kinesis_firehose",
      "each": "list",
      "provider": "provider.aws",
      "instances": []
    },
    {
      "module": "module.vpc",
      "mode": "data",
      "type": "aws_vpc_endpoint_service",
      "name": "kinesis_streams",
      "each": "list",
      "provider": "provider.aws",
      "instances": []
    },
    {
      "module": "module.vpc",
      "mode": "data",
      "type": "aws_vpc_endpoint_service",
      "name": "kms",
      "each": "list",
      "provider": "provider.aws",
      "instances": []
    },
    {
      "module": "module.vpc",
      "mode": "data",
      "type": "aws_vpc_endpoint_service",
      "name": "logs",
      "each": "list",
      "provider": "provider.aws",
      "instances": []
    },
    {
      "module": "module.vpc",
      "mode": "data",
      "type": "aws_vpc_endpoint_service",
      "name": "monitoring",
      "each": "list",
      "provider": "provider.aws",
      "instances": []
    },
    {
      "module": "module.vpc",
      "mode": "data",
      "type": "aws_vpc_endpoint_service",
      "name": "rekognition",
      "each": "list",
      "provider": "provider.aws",
      "instances": []
    },
    {
      "module": "module.vpc",
      "mode": "data",
      "type": "aws_vpc_endpoint_service",
      "name": "s3",
      "each": "list",
      "provider": "provider.aws",
      "instances": []
    },
    {
      "module": "module.vpc",
      "mode": "data",
      "type": "aws_vpc_endpoint_service",
      "name": "sagemaker_api",
      "each": "list",
      "provider": "provider.aws",
      "instances": []
    },
    {
      "module": "module.vpc",
      "mode": "data",
      "type": "aws_vpc_endpoint_service",
      "name": "sagemaker_notebook",
      "each": "list",
      "provider": "provider.aws",
      "instances": []
    },
    {
      "module": "module.vpc",
      "mode": "data",
      "type": "aws_vpc_endpoint_service",
      "name": "sagemaker_runtime",
      "each": "list",
      "provider": "provider.aws",
      "instances": []
    },
    {
      "module": "module.vpc",
      "mode": "data",
      "type": "aws_vpc_endpoint_service",
      "name": "secretsmanager",
      "each": "list",
      "provider": "provider.aws",
      "instances": []
    },
    {
      "module": "module.vpc",
      "mode": "data",
      "type": "aws_vpc_endpoint_service",
      "name": "servicecatalog",
      "each": "list",
      "provider": "provider.aws",
      "instances": []
    },
    {
      "module": "module.vpc",
      "mode": "data",
      "type": "aws_vpc_endpoint_service",
      "name": "sns",
      "each": "list",
      "provider": "provider.aws",
      "instances": []
    },
    {
      "module": "module.vpc",
      "mode": "data",
      "type": "aws_vpc_endpoint_service",
      "name": "sqs",
      "each": "list",
      "provider": "provider.aws",
      "instances": []
    },
    {
      "module": "module.vpc",
      "mode": "data",
      "type": "aws_vpc_endpoint_service",
      "name": "ssm",
      "each": "list",
      "provider": "provider.aws",
      "instances": []
    },
    {
      "module": "module.vpc",
      "mode": "data",
      "type": "aws_vpc_endpoint_service",
      "name": "ssmmessages",
      "each": "list",
      "provider": "provider.aws",
      "instances": []
    },
    {
      "module": "module.vpc",
      "mode": "data",
      "type": "aws_vpc_endpoint_service",
      "name": "storagegateway",
      "each": "list",
      "provider": "provider.aws",
      "instances": []
    },
    {
      "module": "module.vpc",
      "mode": "data",
      "type": "aws_vpc_endpoint_service",
      "name": "sts",
      "each": "list",
      "provider": "provider.aws",
      "instances": []
    },
    {
      "module": "module.vpc",
      "mode": "data",
      "type": "aws_vpc_endpoint_service",
      "name": "transfer",
      "each": "list",
      "provider": "provider.aws",
      "instances": []
    },
    {
      "module": "module.vpc",
      "mode": "data",
      "type": "aws_vpc_endpoint_service",
      "name": "transferserver",
      "each": "list",
      "provider": "provider.aws",
      "instances": []
    },
    {
      "module": "module.cluster-1",
      "mode": "data",
      "type": "template_file",
      "name": "aws_authenticator_env_variables",
      "each": "list",
      "provider": "provider.template",
      "instances": []
    },
    {
      "module": "module.cluster-1",
      "mode": "data",
      "type": "template_file",
      "name": "config_map_aws_auth",
      "provider": "provider.template",
      "instances": [
        {
          "schema_version": 0,
          "attributes": {
            "filename": null,
            "id": "1724d4166b7471742a8d97bafa2148995e1e510154df2ccb6d66399ceede6a22",
            "rendered": "apiVersion: v1\nkind: ConfigMap\nmetadata:\n  name: aws-auth\n  namespace: kube-system\ndata:\n  mapRoles: |\n    - rolearn: arn:aws:iam::552086789601:role/cloudskiff-eks-KCcCmkbB20200508091319629900000006\n      username: system:node:{{EC2PrivateDNSName}}\n      groups:\n        - system:bootstrappers\n        - system:nodes\n\n  \n  \n  \n",
            "template": "apiVersion: v1\nkind: ConfigMap\nmetadata:\n  name: aws-auth\n  namespace: kube-system\ndata:\n  mapRoles: |\n${worker_role_arn}\n  %{if chomp(map_roles) != \"[]\" }\n    ${indent(4, map_roles)}\n  %{ endif }\n  %{if chomp(map_users) != \"[]\" }\n  mapUsers: |\n    ${indent(4, map_users)}\n  %{ endif }\n  %{if chomp(map_accounts) != \"[]\" }\n  mapAccounts: |\n    ${indent(4, map_accounts)}\n  %{ endif }\n",
            "vars": {
              "map_accounts": "[]\n",
              "map_roles": "[]\n",
              "map_users": "[]\n",
              "worker_role_arn": "    - rolearn: arn:aws:iam::552086789601:role/cloudskiff-eks-KCcCmkbB20200508091319629900000006\n      username: system:node:{{EC2PrivateDNSName}}\n      groups:\n        - system:bootstrappers\n        - system:nodes\n"
            }
          }
        }
      ]
    },
    {
      "module": "module.cluster-1",
      "mode": "data",
      "type": "template_file",
      "name": "kubeconfig",
      "provider": "provider.template",
      "instances": [
        {
          "schema_version": 0,
          "attributes": {
            "filename": null,
            "id": "78daca9163eae70755787faeb0359a62faa556b68d2ed13344550bd7d9b9ad66",
            "rendered": "apiVersion: v1\npreferences: {}\nkind: Config\n\nclusters:\n- cluster:\n    server: https://040771BEEBE4D80B22056D9DA3A922C9.gr7.us-east-2.eks.amazonaws.com\n    certificate-authority-data: LS0tLS1CRUdJTiBDRVJUSUZJQ0FURS0tLS0tCk1JSUN5RENDQWJDZ0F3SUJBZ0lCQURBTkJna3Foa2lHOXcwQkFRc0ZBREFWTVJNd0VRWURWUVFERXdwcmRXSmwKY201bGRHVnpNQjRYRFRJd01EVXdPREE1TVRFeU9Gb1hEVE13TURVd05qQTVNVEV5T0Zvd0ZURVRNQkVHQTFVRQpBeE1LYTNWaVpYSnVaWFJsY3pDQ0FTSXdEUVlKS29aSWh2Y05BUUVCQlFBRGdnRVBBRENDQVFvQ2dnRUJBTHlhCjBUbTlVaVZDREtvQ0FidnFVSVF1dzBsOUduZ1pMa2VOSjE3QTBndXJHL1hqVjJJNXdSV2ZOQ1BLcHRUR2JReU0KMER4MGJ2N1loRjNiNnMrTllCNWNoQjNZcWJMeWJ0RFAyc1Z6bHU2TXlSWGRhT1J4SDRrWVUzZGc1QXc5TU5oUwpqSzNoVGU5ZkdSNU1TNWd6cXZWc2s3eGVjR2FGemVBa3JlSnpiUDhjbU9FdU9nZWxCL3lRSG1WT0MwaTRWK1c4CkZNQzE2ckwwWGtzcFhTcjc0ZlEwbjZuNUphTXE2dEprdHgyZXpINVFyUm5FMk5iQzhscDJUWlVkRlBtMHBhMlgKc05UWCtrUW51dElBd1ZtRjBERGhmTkl2dDRyVzhkKytDSW1VanI0MWx0amRhYkNZVXJNaitrOTNSU2l3MkxQNwpsemRDTy9yWEFiTVBhT0t1Z1pzQ0F3RUFBYU1qTUNFd0RnWURWUjBQQVFIL0JBUURBZ0trTUE4R0ExVWRFd0VCCi93UUZNQU1CQWY4d0RRWUpLb1pJaHZjTkFRRUxCUUFEZ2dFQkFEYS9KRFVSNWU5WGZGVlRvcGlaM2ZudUVDQzYKdmdmZlp0MmwxR1VFQzBlWVZZdWd6Y2thOVpsdDRyYlNScHQ5em9WbTJBV1ZidTNZaGNzSTJsVmU3Zk1WbFB5WApoZnpaekE4enZ6SE9RVzcxekN3d2IwTUU2N3J1eC96bWlldDVSUHY1c3QzaVB5YXV2M1ZoSi91ZDhyYitXSVJxCnA0T2FCNk1WelZKZGlsWnFiV2FSek4zWVY4ODc4TlhxVytYblZkcll5aDk5SGtEOUt6QU9SaU9DUll4clJlaGYKZmJEZ3I1UG1OZTBXcEwwV0ViWTMzbGF5NkVxNVMvYmFhM3NzUEZ5cUJQZnVJNmF4Sm9TKzBkYnVKZXQ5NWoyRAo3NGNyWG1DRWNQMXlSRWQxbUU1VWR3Z1VWbmxwZVJ0NVNRL3RRQk5hemhCaWhlZVBTMTl3RDVJRE0xWT0KLS0tLS1FTkQgQ0VSVElGSUNBVEUtLS0tLQo=\n  name: eks_cloudskiff-eks-KCcCmkbB\n\ncontexts:\n- context:\n    cluster: eks_cloudskiff-eks-KCcCmkbB\n    user: eks_cloudskiff-eks-KCcCmkbB\n  name: eks_cloudskiff-eks-KCcCmkbB\n\ncurrent-context: eks_cloudskiff-eks-KCcCmkbB\n\nusers:\n- name: eks_cloudskiff-eks-KCcCmkbB\n  user:\n    exec:\n      apiVersion: client.authentication.k8s.io/v1alpha1\n      command: aws-iam-authenticator\n      args:\n        - \"token\"\n        - \"-i\"\n        - \"cloudskiff-eks-KCcCmkbB\"\n\n\n",
            "template": "apiVersion: v1\npreferences: {}\nkind: Config\n\nclusters:\n- cluster:\n    server: ${endpoint}\n    certificate-authority-data: ${cluster_auth_base64}\n  name: ${kubeconfig_name}\n\ncontexts:\n- context:\n    cluster: ${kubeconfig_name}\n    user: ${kubeconfig_name}\n  name: ${kubeconfig_name}\n\ncurrent-context: ${kubeconfig_name}\n\nusers:\n- name: ${kubeconfig_name}\n  user:\n    exec:\n      apiVersion: client.authentication.k8s.io/v1alpha1\n      command: ${aws_authenticator_command}\n      args:\n${aws_authenticator_command_args}\n${aws_authenticator_additional_args}\n${aws_authenticator_env_variables}\n",
            "vars": {
              "aws_authenticator_additional_args": "",
              "aws_authenticator_command": "aws-iam-authenticator",
              "aws_authenticator_command_args": "        - \"token\"\n        - \"-i\"\n        - \"cloudskiff-eks-KCcCmkbB\"",
              "aws_authenticator_env_variables": "",
              "cluster_auth_base64": "LS0tLS1CRUdJTiBDRVJUSUZJQ0FURS0tLS0tCk1JSUN5RENDQWJDZ0F3SUJBZ0lCQURBTkJna3Foa2lHOXcwQkFRc0ZBREFWTVJNd0VRWURWUVFERXdwcmRXSmwKY201bGRHVnpNQjRYRFRJd01EVXdPREE1TVRFeU9Gb1hEVE13TURVd05qQTVNVEV5T0Zvd0ZURVRNQkVHQTFVRQpBeE1LYTNWaVpYSnVaWFJsY3pDQ0FTSXdEUVlKS29aSWh2Y05BUUVCQlFBRGdnRVBBRENDQVFvQ2dnRUJBTHlhCjBUbTlVaVZDREtvQ0FidnFVSVF1dzBsOUduZ1pMa2VOSjE3QTBndXJHL1hqVjJJNXdSV2ZOQ1BLcHRUR2JReU0KMER4MGJ2N1loRjNiNnMrTllCNWNoQjNZcWJMeWJ0RFAyc1Z6bHU2TXlSWGRhT1J4SDRrWVUzZGc1QXc5TU5oUwpqSzNoVGU5ZkdSNU1TNWd6cXZWc2s3eGVjR2FGemVBa3JlSnpiUDhjbU9FdU9nZWxCL3lRSG1WT0MwaTRWK1c4CkZNQzE2ckwwWGtzcFhTcjc0ZlEwbjZuNUphTXE2dEprdHgyZXpINVFyUm5FMk5iQzhscDJUWlVkRlBtMHBhMlgKc05UWCtrUW51dElBd1ZtRjBERGhmTkl2dDRyVzhkKytDSW1VanI0MWx0amRhYkNZVXJNaitrOTNSU2l3MkxQNwpsemRDTy9yWEFiTVBhT0t1Z1pzQ0F3RUFBYU1qTUNFd0RnWURWUjBQQVFIL0JBUURBZ0trTUE4R0ExVWRFd0VCCi93UUZNQU1CQWY4d0RRWUpLb1pJaHZjTkFRRUxCUUFEZ2dFQkFEYS9KRFVSNWU5WGZGVlRvcGlaM2ZudUVDQzYKdmdmZlp0MmwxR1VFQzBlWVZZdWd6Y2thOVpsdDRyYlNScHQ5em9WbTJBV1ZidTNZaGNzSTJsVmU3Zk1WbFB5WApoZnpaekE4enZ6SE9RVzcxekN3d2IwTUU2N3J1eC96bWlldDVSUHY1c3QzaVB5YXV2M1ZoSi91ZDhyYitXSVJxCnA0T2FCNk1WelZKZGlsWnFiV2FSek4zWVY4ODc4TlhxVytYblZkcll5aDk5SGtEOUt6QU9SaU9DUll4clJlaGYKZmJEZ3I1UG1OZTBXcEwwV0ViWTMzbGF5NkVxNVMvYmFhM3NzUEZ5cUJQZnVJNmF4Sm9TKzBkYnVKZXQ5NWoyRAo3NGNyWG1DRWNQMXlSRWQxbUU1VWR3Z1VWbmxwZVJ0NVNRL3RRQk5hemhCaWhlZVBTMTl3RDVJRE0xWT0KLS0tLS1FTkQgQ0VSVElGSUNBVEUtLS0tLQo=",
              "endpoint": "https://040771BEEBE4D80B22056D9DA3A922C9.gr7.us-east-2.eks.amazonaws.com",
              "kubeconfig_name": "eks_cloudskiff-eks-KCcCmkbB"
            }
          }
        }
      ]
    },
    {
      "module": "module.cluster-1",
      "mode": "data",
      "type": "template_file",
      "name": "launch_template_userdata",
      "each": "list",
      "provider": "provider.template",
      "instances": []
    },
    {
      "module": "module.cluster-1",
      "mode": "data",
      "type": "template_file",
      "name": "launch_template_worker_role_arns",
      "each": "list",
      "provider": "provider.template",
      "instances": []
    },
    {
      "module": "module.cluster-1",
      "mode": "data",
      "type": "template_file",
      "name": "userdata",
      "each": "list",
      "provider": "provider.template",
      "instances": [
        {
          "index_key": 0,
          "schema_version": 0,
          "attributes": {
            "filename": null,
            "id": "ccc26080b6c623c679b4fc3a2c4c51bc2f9867b6571a8b7203bf75da5d1a6cec",
            "rendered": "#!/bin/bash -xe\n\n# Allow user supplied pre userdata code\n\n\n# Bootstrap and join the cluster\n/etc/eks/bootstrap.sh --b64-cluster-ca 'LS0tLS1CRUdJTiBDRVJUSUZJQ0FURS0tLS0tCk1JSUN5RENDQWJDZ0F3SUJBZ0lCQURBTkJna3Foa2lHOXcwQkFRc0ZBREFWTVJNd0VRWURWUVFERXdwcmRXSmwKY201bGRHVnpNQjRYRFRJd01EVXdPREE1TVRFeU9Gb1hEVE13TURVd05qQTVNVEV5T0Zvd0ZURVRNQkVHQTFVRQpBeE1LYTNWaVpYSnVaWFJsY3pDQ0FTSXdEUVlKS29aSWh2Y05BUUVCQlFBRGdnRVBBRENDQVFvQ2dnRUJBTHlhCjBUbTlVaVZDREtvQ0FidnFVSVF1dzBsOUduZ1pMa2VOSjE3QTBndXJHL1hqVjJJNXdSV2ZOQ1BLcHRUR2JReU0KMER4MGJ2N1loRjNiNnMrTllCNWNoQjNZcWJMeWJ0RFAyc1Z6bHU2TXlSWGRhT1J4SDRrWVUzZGc1QXc5TU5oUwpqSzNoVGU5ZkdSNU1TNWd6cXZWc2s3eGVjR2FGemVBa3JlSnpiUDhjbU9FdU9nZWxCL3lRSG1WT0MwaTRWK1c4CkZNQzE2ckwwWGtzcFhTcjc0ZlEwbjZuNUphTXE2dEprdHgyZXpINVFyUm5FMk5iQzhscDJUWlVkRlBtMHBhMlgKc05UWCtrUW51dElBd1ZtRjBERGhmTkl2dDRyVzhkKytDSW1VanI0MWx0amRhYkNZVXJNaitrOTNSU2l3MkxQNwpsemRDTy9yWEFiTVBhT0t1Z1pzQ0F3RUFBYU1qTUNFd0RnWURWUjBQQVFIL0JBUURBZ0trTUE4R0ExVWRFd0VCCi93UUZNQU1CQWY4d0RRWUpLb1pJaHZjTkFRRUxCUUFEZ2dFQkFEYS9KRFVSNWU5WGZGVlRvcGlaM2ZudUVDQzYKdmdmZlp0MmwxR1VFQzBlWVZZdWd6Y2thOVpsdDRyYlNScHQ5em9WbTJBV1ZidTNZaGNzSTJsVmU3Zk1WbFB5WApoZnpaekE4enZ6SE9RVzcxekN3d2IwTUU2N3J1eC96bWlldDVSUHY1c3QzaVB5YXV2M1ZoSi91ZDhyYitXSVJxCnA0T2FCNk1WelZKZGlsWnFiV2FSek4zWVY4ODc4TlhxVytYblZkcll5aDk5SGtEOUt6QU9SaU9DUll4clJlaGYKZmJEZ3I1UG1OZTBXcEwwV0ViWTMzbGF5NkVxNVMvYmFhM3NzUEZ5cUJQZnVJNmF4Sm9TKzBkYnVKZXQ5NWoyRAo3NGNyWG1DRWNQMXlSRWQxbUU1VWR3Z1VWbmxwZVJ0NVNRL3RRQk5hemhCaWhlZVBTMTl3RDVJRE0xWT0KLS0tLS1FTkQgQ0VSVElGSUNBVEUtLS0tLQo=' --apiserver-endpoint 'https://040771BEEBE4D80B22056D9DA3A922C9.gr7.us-east-2.eks.amazonaws.com'  --kubelet-extra-args \"\" 'cloudskiff-eks-KCcCmkbB'\n\n# Allow user supplied userdata code\n\n",
            "template": "#!/bin/bash -xe\n\n# Allow user supplied pre userdata code\n${pre_userdata}\n\n# Bootstrap and join the cluster\n/etc/eks/bootstrap.sh --b64-cluster-ca '${cluster_auth_base64}' --apiserver-endpoint '${endpoint}' ${bootstrap_extra_args} --kubelet-extra-args \"${kubelet_extra_args}\" '${cluster_name}'\n\n# Allow user supplied userdata code\n${additional_userdata}\n",
            "vars": {
              "additional_userdata": "",
              "bootstrap_extra_args": "",
              "cluster_auth_base64": "LS0tLS1CRUdJTiBDRVJUSUZJQ0FURS0tLS0tCk1JSUN5RENDQWJDZ0F3SUJBZ0lCQURBTkJna3Foa2lHOXcwQkFRc0ZBREFWTVJNd0VRWURWUVFERXdwcmRXSmwKY201bGRHVnpNQjRYRFRJd01EVXdPREE1TVRFeU9Gb1hEVE13TURVd05qQTVNVEV5T0Zvd0ZURVRNQkVHQTFVRQpBeE1LYTNWaVpYSnVaWFJsY3pDQ0FTSXdEUVlKS29aSWh2Y05BUUVCQlFBRGdnRVBBRENDQVFvQ2dnRUJBTHlhCjBUbTlVaVZDREtvQ0FidnFVSVF1dzBsOUduZ1pMa2VOSjE3QTBndXJHL1hqVjJJNXdSV2ZOQ1BLcHRUR2JReU0KMER4MGJ2N1loRjNiNnMrTllCNWNoQjNZcWJMeWJ0RFAyc1Z6bHU2TXlSWGRhT1J4SDRrWVUzZGc1QXc5TU5oUwpqSzNoVGU5ZkdSNU1TNWd6cXZWc2s3eGVjR2FGemVBa3JlSnpiUDhjbU9FdU9nZWxCL3lRSG1WT0MwaTRWK1c4CkZNQzE2ckwwWGtzcFhTcjc0ZlEwbjZuNUphTXE2dEprdHgyZXpINVFyUm5FMk5iQzhscDJUWlVkRlBtMHBhMlgKc05UWCtrUW51dElBd1ZtRjBERGhmTkl2dDRyVzhkKytDSW1VanI0MWx0amRhYkNZVXJNaitrOTNSU2l3MkxQNwpsemRDTy9yWEFiTVBhT0t1Z1pzQ0F3RUFBYU1qTUNFd0RnWURWUjBQQVFIL0JBUURBZ0trTUE4R0ExVWRFd0VCCi93UUZNQU1CQWY4d0RRWUpLb1pJaHZjTkFRRUxCUUFEZ2dFQkFEYS9KRFVSNWU5WGZGVlRvcGlaM2ZudUVDQzYKdmdmZlp0MmwxR1VFQzBlWVZZdWd6Y2thOVpsdDRyYlNScHQ5em9WbTJBV1ZidTNZaGNzSTJsVmU3Zk1WbFB5WApoZnpaekE4enZ6SE9RVzcxekN3d2IwTUU2N3J1eC96bWlldDVSUHY1c3QzaVB5YXV2M1ZoSi91ZDhyYitXSVJxCnA0T2FCNk1WelZKZGlsWnFiV2FSek4zWVY4ODc4TlhxVytYblZkcll5aDk5SGtEOUt6QU9SaU9DUll4clJlaGYKZmJEZ3I1UG1OZTBXcEwwV0ViWTMzbGF5NkVxNVMvYmFhM3NzUEZ5cUJQZnVJNmF4Sm9TKzBkYnVKZXQ5NWoyRAo3NGNyWG1DRWNQMXlSRWQxbUU1VWR3Z1VWbmxwZVJ0NVNRL3RRQk5hemhCaWhlZVBTMTl3RDVJRE0xWT0KLS0tLS1FTkQgQ0VSVElGSUNBVEUtLS0tLQo=",
              "cluster_name": "cloudskiff-eks-KCcCmkbB",
              "endpoint": "https://040771BEEBE4D80B22056D9DA3A922C9.gr7.us-east-2.eks.amazonaws.com",
              "kubelet_extra_args": "",
              "platform": "linux",
              "pre_userdata": ""
            }
          }
        }
      ]
    },
    {
      "module": "module.cluster-1",
      "mode": "data",
      "type": "template_file",
      "name": "worker_role_arns",
      "each": "list",
      "provider": "provider.template",
      "instances": [
        {
          "index_key": 0,
          "schema_version": 0,
          "attributes": {
            "filename": null,
            "id": "78555f9ceee60df9899dd136fb10dc3decf4539f0d133375e783d9637b2f1829",
            "rendered": "    - rolearn: arn:aws:iam::552086789601:role/cloudskiff-eks-KCcCmkbB20200508091319629900000006\n      username: system:node:{{EC2PrivateDNSName}}\n      groups:\n        - system:bootstrappers\n        - system:nodes\n",
            "template": "    - rolearn: ${worker_role_arn}\n      username: system:node:{{EC2PrivateDNSName}}\n      groups:\n        - system:bootstrappers\n        - system:nodes\n        %{~ if platform == \"windows\" ~}\n        - eks:kube-proxy-windows\n        %{~ endif ~}\n",
            "vars": {
              "platform": "linux",
              "worker_role_arn": "arn:aws:iam::552086789601:role/cloudskiff-eks-KCcCmkbB20200508091319629900000006"
            }
          }
        }
      ]
    },
    {
      "module": "module.cluster-1",
      "mode": "managed",
      "type": "aws_autoscaling_group",
      "name": "workers",
      "each": "list",
      "provider": "provider.aws",
      "instances": [
        {
          "index_key": 0,
          "schema_version": 0,
          "attributes": {
            "arn": "arn:aws:autoscaling:us-east-2:552086789601:autoScalingGroup:59845e1f-4d9f-4536-84d2-1436e93fb63c:autoScalingGroupName/cloudskiff-eks-KCcCmkbB-1.14-wg-small2020050809133485940000000e",
            "availability_zones": [
              "us-east-2a",
              "us-east-2b",
              "us-east-2c"
            ],
            "default_cooldown": 300,
            "desired_capacity": 1,
            "enabled_metrics": null,
            "force_delete": false,
            "health_check_grace_period": 300,
            "health_check_type": "EC2",
            "id": "cloudskiff-eks-KCcCmkbB-1.14-wg-small2020050809133485940000000e",
            "initial_lifecycle_hook": [],
            "launch_configuration": "cloudskiff-eks-KCcCmkbB-1.14-wg-small2020050809132415060000000d",
            "launch_template": [],
            "load_balancers": [],
            "max_instance_lifetime": 0,
            "max_size": 3,
            "metrics_granularity": "1Minute",
            "min_elb_capacity": null,
            "min_size": 1,
            "mixed_instances_policy": [],
            "name": "cloudskiff-eks-KCcCmkbB-1.14-wg-small2020050809133485940000000e",
            "name_prefix": "cloudskiff-eks-KCcCmkbB-1.14-wg-small",
            "placement_group": "",
            "protect_from_scale_in": false,
            "service_linked_role_arn": "arn:aws:iam::552086789601:role/aws-service-role/autoscaling.amazonaws.com/AWSServiceRoleForAutoScaling",
            "suspended_processes": [
              "AZRebalance"
            ],
            "tag": [],
            "tags": [
              {
                "key": "Name",
                "propagate_at_launch": "true",
                "value": "cloudskiff-eks-KCcCmkbB-1.14-wg-small-eks_asg"
              },
              {
                "key": "kubernetes.io/cluster/cloudskiff-eks-KCcCmkbB",
                "propagate_at_launch": "true",
                "value": "owned"
              },
              {
                "key": "k8s.io/cluster/cloudskiff-eks-KCcCmkbB",
                "propagate_at_launch": "true",
                "value": "owned"
              },
              {
                "key": "k8s.io/cluster-autoscaler/disabled",
                "propagate_at_launch": "false",
                "value": "true"
              },
              {
                "key": "k8s.io/cluster-autoscaler/cloudskiff-eks-KCcCmkbB",
                "propagate_at_launch": "false",
                "value": "cloudskiff-eks-KCcCmkbB"
              },
              {
                "key": "k8s.io/cluster-autoscaler/node-template/resources/ephemeral-storage",
                "propagate_at_launch": "false",
                "value": "100Gi"
              },
              {
                "key": "CloudSkiff",
                "propagate_at_launch": "true",
                "value": "true"
              },
              {
                "key": "Terraform",
                "propagate_at_launch": "true",
                "value": "true"
              },
              {
                "key": "environment",
                "propagate_at_launch": "true",
                "value": "production"
              }
            ],
            "target_group_arns": [],
            "termination_policies": [],
            "timeouts": null,
            "vpc_zone_identifier": [
              "subnet-0087165e6fab7db54",
              "subnet-024b64ce04bb3aafd",
              "subnet-0b4221ce600383894"
            ],
            "wait_for_capacity_timeout": "10m",
            "wait_for_elb_capacity": null
          },
          "private": "eyJlMmJmYjczMC1lY2FhLTExZTYtOGY4OC0zNDM2M2JjN2M0YzAiOnsiZGVsZXRlIjo2MDAwMDAwMDAwMDB9fQ==",
          "dependencies": [
            "aws_key_pair.admin",
            "module.cluster-1.aws_cloudwatch_log_group.this",
            "module.cluster-1.aws_eks_cluster.this",
            "module.cluster-1.aws_iam_instance_profile.workers",
            "module.cluster-1.aws_iam_role.cluster",
            "module.cluster-1.aws_iam_role.workers",
            "module.cluster-1.aws_iam_role_policy_attachment.cluster_AmazonEKSClusterPolicy",
            "module.cluster-1.aws_iam_role_policy_attachment.cluster_AmazonEKSServicePolicy",
            "module.cluster-1.aws_launch_configuration.workers",
            "module.cluster-1.aws_security_group.cluster",
            "module.cluster-1.aws_security_group.workers",
            "module.cluster-1.random_pet.workers",
            "module.vpc.aws_subnet.private",
            "module.vpc.aws_vpc.this",
            "module.vpc.aws_vpc_ipv4_cidr_block_association.this",
            "random_string.suffix"
          ]
        }
      ]
    },
    {
      "module": "module.cluster-1",
      "mode": "managed",
      "type": "aws_autoscaling_group",
      "name": "workers_launch_template",
      "each": "list",
      "provider": "provider.aws",
      "instances": []
    },
    {
      "module": "module.cluster-1",
      "mode": "managed",
      "type": "aws_cloudwatch_log_group",
      "name": "this",
      "each": "list",
      "provider": "provider.aws",
      "instances": []
    },
    {
      "module": "module.vpc",
      "mode": "managed",
      "type": "aws_db_subnet_group",
      "name": "database",
      "each": "list",
      "provider": "provider.aws",
      "instances": []
    },
    {
      "module": "module.vpc",
      "mode": "managed",
      "type": "aws_default_network_acl",
      "name": "this",
      "each": "list",
      "provider": "provider.aws",
      "instances": []
    },
    {
      "module": "module.vpc",
      "mode": "managed",
      "type": "aws_default_vpc",
      "name": "this",
      "each": "list",
      "provider": "provider.aws",
      "instances": []
    },
    {
      "module": "module.vpc",
      "mode": "managed",
      "type": "aws_egress_only_internet_gateway",
      "name": "this",
      "each": "list",
      "provider": "provider.aws",
      "instances": []
    },
    {
      "module": "module.vpc",
      "mode": "managed",
      "type": "aws_eip",
      "name": "nat",
      "each": "list",
      "provider": "provider.aws",
      "instances": [
        {
          "index_key": 0,
          "schema_version": 0,
          "attributes": {
            "allocation_id": null,
            "associate_with_private_ip": null,
            "association_id": "",
            "customer_owned_ip": "",
            "customer_owned_ipv4_pool": "",
            "domain": "vpc",
            "id": "eipalloc-0d3497f92a7398f64",
            "instance": "",
            "network_interface": "",
            "private_dns": null,
            "private_ip": "",
            "public_dns": "ec2-3-23-106-62.us-east-2.compute.amazonaws.com",
            "public_ip": "3.23.106.62",
            "public_ipv4_pool": "amazon",
            "tags": {
              "Name": "vpc-cloudskiff-us-east-2a",
              "kubernetes.io/cluster/cloudskiff-eks-KCcCmkbB": "owned"
            },
            "timeouts": null,
            "vpc": true
          },
          "private": "eyJlMmJmYjczMC1lY2FhLTExZTYtOGY4OC0zNDM2M2JjN2M0YzAiOnsiZGVsZXRlIjoxODAwMDAwMDAwMDAsInJlYWQiOjkwMDAwMDAwMDAwMCwidXBkYXRlIjozMDAwMDAwMDAwMDB9fQ==",
          "dependencies": [
            "random_string.suffix"
          ]
        }
      ]
    },
    {
      "module": "module.cluster-1",
      "mode": "managed",
      "type": "aws_eks_cluster",
      "name": "this",
      "provider": "provider.aws",
      "instances": [
        {
          "schema_version": 0,
          "attributes": {
            "arn": "arn:aws:eks:us-east-2:552086789601:cluster/cloudskiff-eks-KCcCmkbB",
            "certificate_authority": [
              {
                "data": "LS0tLS1CRUdJTiBDRVJUSUZJQ0FURS0tLS0tCk1JSUN5RENDQWJDZ0F3SUJBZ0lCQURBTkJna3Foa2lHOXcwQkFRc0ZBREFWTVJNd0VRWURWUVFERXdwcmRXSmwKY201bGRHVnpNQjRYRFRJd01EVXdPREE1TVRFeU9Gb1hEVE13TURVd05qQTVNVEV5T0Zvd0ZURVRNQkVHQTFVRQpBeE1LYTNWaVpYSnVaWFJsY3pDQ0FTSXdEUVlKS29aSWh2Y05BUUVCQlFBRGdnRVBBRENDQVFvQ2dnRUJBTHlhCjBUbTlVaVZDREtvQ0FidnFVSVF1dzBsOUduZ1pMa2VOSjE3QTBndXJHL1hqVjJJNXdSV2ZOQ1BLcHRUR2JReU0KMER4MGJ2N1loRjNiNnMrTllCNWNoQjNZcWJMeWJ0RFAyc1Z6bHU2TXlSWGRhT1J4SDRrWVUzZGc1QXc5TU5oUwpqSzNoVGU5ZkdSNU1TNWd6cXZWc2s3eGVjR2FGemVBa3JlSnpiUDhjbU9FdU9nZWxCL3lRSG1WT0MwaTRWK1c4CkZNQzE2ckwwWGtzcFhTcjc0ZlEwbjZuNUphTXE2dEprdHgyZXpINVFyUm5FMk5iQzhscDJUWlVkRlBtMHBhMlgKc05UWCtrUW51dElBd1ZtRjBERGhmTkl2dDRyVzhkKytDSW1VanI0MWx0amRhYkNZVXJNaitrOTNSU2l3MkxQNwpsemRDTy9yWEFiTVBhT0t1Z1pzQ0F3RUFBYU1qTUNFd0RnWURWUjBQQVFIL0JBUURBZ0trTUE4R0ExVWRFd0VCCi93UUZNQU1CQWY4d0RRWUpLb1pJaHZjTkFRRUxCUUFEZ2dFQkFEYS9KRFVSNWU5WGZGVlRvcGlaM2ZudUVDQzYKdmdmZlp0MmwxR1VFQzBlWVZZdWd6Y2thOVpsdDRyYlNScHQ5em9WbTJBV1ZidTNZaGNzSTJsVmU3Zk1WbFB5WApoZnpaekE4enZ6SE9RVzcxekN3d2IwTUU2N3J1eC96bWlldDVSUHY1c3QzaVB5YXV2M1ZoSi91ZDhyYitXSVJxCnA0T2FCNk1WelZKZGlsWnFiV2FSek4zWVY4ODc4TlhxVytYblZkcll5aDk5SGtEOUt6QU9SaU9DUll4clJlaGYKZmJEZ3I1UG1OZTBXcEwwV0ViWTMzbGF5NkVxNVMvYmFhM3NzUEZ5cUJQZnVJNmF4Sm9TKzBkYnVKZXQ5NWoyRAo3NGNyWG1DRWNQMXlSRWQxbUU1VWR3Z1VWbmxwZVJ0NVNRL3RRQk5hemhCaWhlZVBTMTl3RDVJRE0xWT0KLS0tLS1FTkQgQ0VSVElGSUNBVEUtLS0tLQo="
              }
            ],
            "created_at": "2020-05-08 09:04:30 +0000 UTC",
            "enabled_cluster_log_types": null,
            "encryption_config": [],
            "endpoint": "https://040771BEEBE4D80B22056D9DA3A922C9.gr7.us-east-2.eks.amazonaws.com",
            "id": "cloudskiff-eks-KCcCmkbB",
            "identity": [
              {
                "oidc": [
                  {
                    "issuer": "https://oidc.eks.us-east-2.amazonaws.com/id/040771BEEBE4D80B22056D9DA3A922C9"
                  }
                ]
              }
            ],
            "name": "cloudskiff-eks-KCcCmkbB",
            "platform_version": "eks.9",
            "role_arn": "arn:aws:iam::552086789601:role/cloudskiff-eks-KCcCmkbB20200508090419661200000001",
            "status": "ACTIVE",
            "tags": {
              "CloudSkiff": "true",
              "Terraform": "true",
              "environment": "production"
            },
            "timeouts": {
              "create": "30m",
              "delete": "15m",
              "update": null
            },
            "version": "1.14",
            "vpc_config": [
              {
                "cluster_security_group_id": "sg-0287fbd6a01d4bbde",
                "endpoint_private_access": false,
                "endpoint_public_access": true,
                "public_access_cidrs": [
                  "0.0.0.0/0"
                ],
                "security_group_ids": [
                  "sg-00050a544ab22ce30"
                ],
                "subnet_ids": [
                  "subnet-0087165e6fab7db54",
                  "subnet-024b64ce04bb3aafd",
                  "subnet-0b4221ce600383894"
                ],
                "vpc_id": "vpc-0641669ebd0c98200"
              }
            ]
          },
          "private": "eyJlMmJmYjczMC1lY2FhLTExZTYtOGY4OC0zNDM2M2JjN2M0YzAiOnsiY3JlYXRlIjoxODAwMDAwMDAwMDAwLCJkZWxldGUiOjkwMDAwMDAwMDAwMCwidXBkYXRlIjozNjAwMDAwMDAwMDAwfX0=",
          "dependencies": [
            "module.cluster-1.aws_cloudwatch_log_group.this",
            "module.cluster-1.aws_iam_role.cluster",
            "module.cluster-1.aws_iam_role_policy_attachment.cluster_AmazonEKSClusterPolicy",
            "module.cluster-1.aws_iam_role_policy_attachment.cluster_AmazonEKSServicePolicy",
            "module.cluster-1.aws_security_group.cluster",
            "module.vpc.aws_subnet.private",
            "module.vpc.aws_vpc.this",
            "module.vpc.aws_vpc_ipv4_cidr_block_association.this",
            "random_string.suffix"
          ]
        }
      ]
    },
    {
      "module": "module.vpc",
      "mode": "managed",
      "type": "aws_elasticache_subnet_group",
      "name": "elasticache",
      "each": "list",
      "provider": "provider.aws",
      "instances": []
    },
    {
      "module": "module.cluster-1",
      "mode": "managed",
      "type": "aws_iam_instance_profile",
      "name": "workers",
      "each": "list",
      "provider": "provider.aws",
      "instances": [
        {
          "index_key": 0,
          "schema_version": 0,
          "attributes": {
            "arn": "arn:aws:iam::552086789601:instance-profile/cloudskiff-eks-KCcCmkbB20200508091320429800000008",
            "create_date": "2020-05-08T09:13:20Z",
            "id": "cloudskiff-eks-KCcCmkbB20200508091320429800000008",
            "name": "cloudskiff-eks-KCcCmkbB20200508091320429800000008",
            "name_prefix": "cloudskiff-eks-KCcCmkbB",
            "path": "/",
            "role": "cloudskiff-eks-KCcCmkbB20200508091319629900000006",
            "roles": [],
            "unique_id": "AIPAYBCXP3XQUDBJTMLVA"
          },
          "private": "bnVsbA==",
          "dependencies": [
            "module.cluster-1.aws_cloudwatch_log_group.this",
            "module.cluster-1.aws_eks_cluster.this",
            "module.cluster-1.aws_iam_role.cluster",
            "module.cluster-1.aws_iam_role.workers",
            "module.cluster-1.aws_iam_role_policy_attachment.cluster_AmazonEKSClusterPolicy",
            "module.cluster-1.aws_iam_role_policy_attachment.cluster_AmazonEKSServicePolicy",
            "module.cluster-1.aws_security_group.cluster",
            "module.vpc.aws_subnet.private",
            "module.vpc.aws_vpc.this",
            "module.vpc.aws_vpc_ipv4_cidr_block_association.this",
            "random_string.suffix"
          ]
        }
      ]
    },
    {
      "module": "module.cluster-1",
      "mode": "managed",
      "type": "aws_iam_instance_profile",
      "name": "workers_launch_template",
      "each": "list",
      "provider": "provider.aws",
      "instances": []
    },
    {
      "module": "module.cluster-1",
      "mode": "managed",
      "type": "aws_iam_policy",
      "name": "worker_autoscaling",
      "each": "list",
      "provider": "provider.aws",
      "instances": [
        {
          "index_key": 0,
          "schema_version": 0,
          "attributes": {
            "arn": "arn:aws:iam::552086789601:policy/eks-worker-autoscaling-cloudskiff-eks-KCcCmkbB20200508091319751600000007",
            "description": "EKS worker node autoscaling policy for cluster cloudskiff-eks-KCcCmkbB",
            "id": "arn:aws:iam::552086789601:policy/eks-worker-autoscaling-cloudskiff-eks-KCcCmkbB20200508091319751600000007",
            "name": "eks-worker-autoscaling-cloudskiff-eks-KCcCmkbB20200508091319751600000007",
            "name_prefix": "eks-worker-autoscaling-cloudskiff-eks-KCcCmkbB",
            "path": "/",
            "policy": "{\n  \"Version\": \"2012-10-17\",\n  \"Statement\": [\n    {\n      \"Sid\": \"eksWorkerAutoscalingAll\",\n      \"Effect\": \"Allow\",\n      \"Action\": [\n        \"ec2:DescribeLaunchTemplateVersions\",\n        \"autoscaling:DescribeTags\",\n        \"autoscaling:DescribeLaunchConfigurations\",\n        \"autoscaling:DescribeAutoScalingInstances\",\n        \"autoscaling:DescribeAutoScalingGroups\"\n      ],\n      \"Resource\": \"*\"\n    },\n    {\n      \"Sid\": \"eksWorkerAutoscalingOwn\",\n      \"Effect\": \"Allow\",\n      \"Action\": [\n        \"autoscaling:UpdateAutoScalingGroup\",\n        \"autoscaling:TerminateInstanceInAutoScalingGroup\",\n        \"autoscaling:SetDesiredCapacity\"\n      ],\n      \"Resource\": \"*\",\n      \"Condition\": {\n        \"StringEquals\": {\n          \"autoscaling:ResourceTag/k8s.io/cluster-autoscaler/enabled\": \"true\",\n          \"autoscaling:ResourceTag/kubernetes.io/cluster/cloudskiff-eks-KCcCmkbB\": \"owned\"\n        }\n      }\n    }\n  ]\n}"
          },
          "private": "bnVsbA==",
          "dependencies": [
            "module.cluster-1.aws_cloudwatch_log_group.this",
            "module.cluster-1.aws_eks_cluster.this",
            "module.cluster-1.aws_iam_role.cluster",
            "module.cluster-1.aws_iam_role_policy_attachment.cluster_AmazonEKSClusterPolicy",
            "module.cluster-1.aws_iam_role_policy_attachment.cluster_AmazonEKSServicePolicy",
            "module.cluster-1.aws_security_group.cluster",
            "module.vpc.aws_subnet.private",
            "module.vpc.aws_vpc.this",
            "module.vpc.aws_vpc_ipv4_cidr_block_association.this",
            "random_string.suffix"
          ]
        }
      ]
    },
    {
      "module": "module.cluster-1",
      "mode": "managed",
      "type": "aws_iam_role",
      "name": "cluster",
      "each": "list",
      "provider": "provider.aws",
      "instances": [
        {
          "index_key": 0,
          "schema_version": 0,
          "attributes": {
            "arn": "arn:aws:iam::552086789601:role/cloudskiff-eks-KCcCmkbB20200508090419661200000001",
            "assume_role_policy": "{\"Version\":\"2012-10-17\",\"Statement\":[{\"Sid\":\"EKSClusterAssumeRole\",\"Effect\":\"Allow\",\"Principal\":{\"Service\":\"eks.amazonaws.com\"},\"Action\":\"sts:AssumeRole\"}]}",
            "create_date": "2020-05-08T09:04:20Z",
            "description": "",
            "force_detach_policies": true,
            "id": "cloudskiff-eks-KCcCmkbB20200508090419661200000001",
            "max_session_duration": 3600,
            "name": "cloudskiff-eks-KCcCmkbB20200508090419661200000001",
            "name_prefix": "cloudskiff-eks-KCcCmkbB",
            "path": "/",
            "permissions_boundary": null,
            "tags": {
              "CloudSkiff": "true",
              "Terraform": "true",
              "environment": "production"
            },
            "unique_id": "AROAYBCXP3XQ2EIAK6ST7"
          },
          "private": "bnVsbA==",
          "dependencies": [
            "random_string.suffix"
          ]
        }
      ]
    },
    {
      "module": "module.cluster-1",
      "mode": "managed",
      "type": "aws_iam_role",
      "name": "workers",
      "each": "list",
      "provider": "provider.aws",
      "instances": [
        {
          "index_key": 0,
          "schema_version": 0,
          "attributes": {
            "arn": "arn:aws:iam::552086789601:role/cloudskiff-eks-KCcCmkbB20200508091319629900000006",
            "assume_role_policy": "{\"Version\":\"2012-10-17\",\"Statement\":[{\"Sid\":\"EKSWorkerAssumeRole\",\"Effect\":\"Allow\",\"Principal\":{\"Service\":\"ec2.amazonaws.com\"},\"Action\":\"sts:AssumeRole\"}]}",
            "create_date": "2020-05-08T09:13:19Z",
            "description": "",
            "force_detach_policies": true,
            "id": "cloudskiff-eks-KCcCmkbB20200508091319629900000006",
            "max_session_duration": 3600,
            "name": "cloudskiff-eks-KCcCmkbB20200508091319629900000006",
            "name_prefix": "cloudskiff-eks-KCcCmkbB",
            "path": "/",
            "permissions_boundary": null,
            "tags": {
              "CloudSkiff": "true",
              "Terraform": "true",
              "environment": "production"
            },
            "unique_id": "AROAYBCXP3XQZ2LWDIKLH"
          },
          "private": "bnVsbA==",
          "dependencies": [
            "module.cluster-1.aws_cloudwatch_log_group.this",
            "module.cluster-1.aws_eks_cluster.this",
            "module.cluster-1.aws_iam_role.cluster",
            "module.cluster-1.aws_iam_role_policy_attachment.cluster_AmazonEKSClusterPolicy",
            "module.cluster-1.aws_iam_role_policy_attachment.cluster_AmazonEKSServicePolicy",
            "module.cluster-1.aws_security_group.cluster",
            "module.vpc.aws_subnet.private",
            "module.vpc.aws_vpc.this",
            "module.vpc.aws_vpc_ipv4_cidr_block_association.this",
            "random_string.suffix"
          ]
        }
      ]
    },
    {
      "module": "module.cluster-1",
      "mode": "managed",
      "type": "aws_iam_role_policy_attachment",
      "name": "cluster_AmazonEKSClusterPolicy",
      "each": "list",
      "provider": "provider.aws",
      "instances": [
        {
          "index_key": 0,
          "schema_version": 0,
          "attributes": {
            "id": "cloudskiff-eks-KCcCmkbB20200508090419661200000001-20200508090420900400000002",
            "policy_arn": "arn:aws:iam::aws:policy/AmazonEKSClusterPolicy",
            "role": "cloudskiff-eks-KCcCmkbB20200508090419661200000001"
          },
          "private": "bnVsbA==",
          "dependencies": [
            "module.cluster-1.aws_iam_role.cluster",
            "random_string.suffix"
          ]
        }
      ]
    },
    {
      "module": "module.cluster-1",
      "mode": "managed",
      "type": "aws_iam_role_policy_attachment",
      "name": "cluster_AmazonEKSServicePolicy",
      "each": "list",
      "provider": "provider.aws",
      "instances": [
        {
          "index_key": 0,
          "schema_version": 0,
          "attributes": {
            "id": "cloudskiff-eks-KCcCmkbB20200508090419661200000001-20200508090420902300000003",
            "policy_arn": "arn:aws:iam::aws:policy/AmazonEKSServicePolicy",
            "role": "cloudskiff-eks-KCcCmkbB20200508090419661200000001"
          },
          "private": "bnVsbA==",
          "dependencies": [
            "module.cluster-1.aws_iam_role.cluster",
            "random_string.suffix"
          ]
        }
      ]
    },
    {
      "module": "module.cluster-1",
      "mode": "managed",
      "type": "aws_iam_role_policy_attachment",
      "name": "workers_AmazonEC2ContainerRegistryReadOnly",
      "each": "list",
      "provider": "provider.aws",
      "instances": [
        {
          "index_key": 0,
          "schema_version": 0,
          "attributes": {
            "id": "cloudskiff-eks-KCcCmkbB20200508091319629900000006-20200508091320791300000009",
            "policy_arn": "arn:aws:iam::aws:policy/AmazonEC2ContainerRegistryReadOnly",
            "role": "cloudskiff-eks-KCcCmkbB20200508091319629900000006"
          },
          "private": "bnVsbA==",
          "dependencies": [
            "module.cluster-1.aws_cloudwatch_log_group.this",
            "module.cluster-1.aws_eks_cluster.this",
            "module.cluster-1.aws_iam_role.cluster",
            "module.cluster-1.aws_iam_role.workers",
            "module.cluster-1.aws_iam_role_policy_attachment.cluster_AmazonEKSClusterPolicy",
            "module.cluster-1.aws_iam_role_policy_attachment.cluster_AmazonEKSServicePolicy",
            "module.cluster-1.aws_security_group.cluster",
            "module.vpc.aws_subnet.private",
            "module.vpc.aws_vpc.this",
            "module.vpc.aws_vpc_ipv4_cidr_block_association.this",
            "random_string.suffix"
          ]
        }
      ]
    },
    {
      "module": "module.cluster-1",
      "mode": "managed",
      "type": "aws_iam_role_policy_attachment",
      "name": "workers_AmazonEKSWorkerNodePolicy",
      "each": "list",
      "provider": "provider.aws",
      "instances": [
        {
          "index_key": 0,
          "schema_version": 0,
          "attributes": {
            "id": "cloudskiff-eks-KCcCmkbB20200508091319629900000006-2020050809132079370000000a",
            "policy_arn": "arn:aws:iam::aws:policy/AmazonEKSWorkerNodePolicy",
            "role": "cloudskiff-eks-KCcCmkbB20200508091319629900000006"
          },
          "private": "bnVsbA==",
          "dependencies": [
            "module.cluster-1.aws_cloudwatch_log_group.this",
            "module.cluster-1.aws_eks_cluster.this",
            "module.cluster-1.aws_iam_role.cluster",
            "module.cluster-1.aws_iam_role.workers",
            "module.cluster-1.aws_iam_role_policy_attachment.cluster_AmazonEKSClusterPolicy",
            "module.cluster-1.aws_iam_role_policy_attachment.cluster_AmazonEKSServicePolicy",
            "module.cluster-1.aws_security_group.cluster",
            "module.vpc.aws_subnet.private",
            "module.vpc.aws_vpc.this",
            "module.vpc.aws_vpc_ipv4_cidr_block_association.this",
            "random_string.suffix"
          ]
        }
      ]
    },
    {
      "module": "module.cluster-1",
      "mode": "managed",
      "type": "aws_iam_role_policy_attachment",
      "name": "workers_AmazonEKS_CNI_Policy",
      "each": "list",
      "provider": "provider.aws",
      "instances": [
        {
          "index_key": 0,
          "schema_version": 0,
          "attributes": {
            "id": "cloudskiff-eks-KCcCmkbB20200508091319629900000006-2020050809132081150000000b",
            "policy_arn": "arn:aws:iam::aws:policy/AmazonEKS_CNI_Policy",
            "role": "cloudskiff-eks-KCcCmkbB20200508091319629900000006"
          },
          "private": "bnVsbA==",
          "dependencies": [
            "module.cluster-1.aws_cloudwatch_log_group.this",
            "module.cluster-1.aws_eks_cluster.this",
            "module.cluster-1.aws_iam_role.cluster",
            "module.cluster-1.aws_iam_role.workers",
            "module.cluster-1.aws_iam_role_policy_attachment.cluster_AmazonEKSClusterPolicy",
            "module.cluster-1.aws_iam_role_policy_attachment.cluster_AmazonEKSServicePolicy",
            "module.cluster-1.aws_security_group.cluster",
            "module.vpc.aws_subnet.private",
            "module.vpc.aws_vpc.this",
            "module.vpc.aws_vpc_ipv4_cidr_block_association.this",
            "random_string.suffix"
          ]
        }
      ]
    },
    {
      "module": "module.cluster-1",
      "mode": "managed",
      "type": "aws_iam_role_policy_attachment",
      "name": "workers_additional_policies",
      "each": "list",
      "provider": "provider.aws",
      "instances": []
    },
    {
      "module": "module.cluster-1",
      "mode": "managed",
      "type": "aws_iam_role_policy_attachment",
      "name": "workers_autoscaling",
      "each": "list",
      "provider": "provider.aws",
      "instances": [
        {
          "index_key": 0,
          "schema_version": 0,
          "attributes": {
            "id": "cloudskiff-eks-KCcCmkbB20200508091319629900000006-2020050809132126170000000c",
            "policy_arn": "arn:aws:iam::552086789601:policy/eks-worker-autoscaling-cloudskiff-eks-KCcCmkbB20200508091319751600000007",
            "role": "cloudskiff-eks-KCcCmkbB20200508091319629900000006"
          },
          "private": "bnVsbA==",
          "dependencies": [
            "module.cluster-1.aws_cloudwatch_log_group.this",
            "module.cluster-1.aws_eks_cluster.this",
            "module.cluster-1.aws_iam_policy.worker_autoscaling",
            "module.cluster-1.aws_iam_role.cluster",
            "module.cluster-1.aws_iam_role.workers",
            "module.cluster-1.aws_iam_role_policy_attachment.cluster_AmazonEKSClusterPolicy",
            "module.cluster-1.aws_iam_role_policy_attachment.cluster_AmazonEKSServicePolicy",
            "module.cluster-1.aws_security_group.cluster",
            "module.vpc.aws_subnet.private",
            "module.vpc.aws_vpc.this",
            "module.vpc.aws_vpc_ipv4_cidr_block_association.this",
            "random_string.suffix"
          ]
        }
      ]
    },
    {
      "module": "module.vpc",
      "mode": "managed",
      "type": "aws_internet_gateway",
      "name": "this",
      "each": "list",
      "provider": "provider.aws",
      "instances": [
        {
          "index_key": 0,
          "schema_version": 0,
          "attributes": {
            "id": "igw-0ebba1b80031afeba",
            "owner_id": "552086789601",
            "tags": {
              "Name": "vpc-cloudskiff",
              "kubernetes.io/cluster/cloudskiff-eks-KCcCmkbB": "owned"
            },
            "vpc_id": "vpc-0641669ebd0c98200"
          },
          "private": "bnVsbA==",
          "dependencies": [
            "module.vpc.aws_vpc.this",
            "module.vpc.aws_vpc_ipv4_cidr_block_association.this",
            "random_string.suffix"
          ]
        }
      ]
    },
    {
      "mode": "managed",
      "type": "aws_key_pair",
      "name": "admin",
      "provider": "provider.aws",
      "instances": [
        {
          "schema_version": 1,
          "attributes": {
            "fingerprint": "96:74:cb:8d:81:4a:77:be:82:33:f7:f8:d4:58:4f:e5",
            "id": "admin-key-KCcCmkbB",
            "key_name": "admin-key-KCcCmkbB",
            "key_name_prefix": null,
            "key_pair_id": "key-09ea673c0a2a96797",
            "public_key": "ssh-rsa AAAAB3NzaC1yc2EAAAADAQABAAACAQClm80TVWz5aVLqB15Guk9rZJtNbHvBkswZEbZe/nf44/SoH0ZXoCmpg8mSE+5mbe4ou2FG3/OZIKYYluyXXoKWApXQObS/TPrWsYzawWaC9PWsgrZC/hoffs/p46xy+Qxv3+zz/BW50PAM6d76L/GuY/bLZur6nrVD2FcNh2gPgnhSBw0UPaP+FMlfY3/X89eTxISPwFN9lVsarREJQ8dIkOMcMQFBaYj1mz0O4LJ7vgGx7ssOExwVUamRGGHpR9ZOl8FoLOOzCDXz/v1JhgR3cx43f0f9YcJJMYnRzE2pODbzfde8q7cDm0ld/sur99T+FR3WjlkP40s3CVsh6jySb8XxtzvhU2gYYdN3YJSG8D5oDQg6vtrT2I5CczhKv+wKLk2ajTJbjYo0J7apeWULYz23CGAfKTQOdjtIGYsbvnLadiuaKDHkQanp70hKrslTvxklhoa/YfRVykfj/ZXHC2bmH6DyQVhxqU2CbrJH/ee0UT4k2vReA17G1n2XrSJzIK/QjTrDCgZro9FCLS0yK/A7DZjsOzlRqWA9UiQr+pO8ssxGQmh5ZAIb/rF7E+ISNMTPOY7ji2K0NvcVvsjgB3MH4wPt6tCTDQYwzmw8L6QqejC2Lh5LWysP0UOysr71GWxbwmZ3AQlQZ36caPe7krHU8Dph36yVQkbc9tlIRw== ayobuba@live.com",
            "tags": null
          },
          "private": "eyJzY2hlbWFfdmVyc2lvbiI6IjEifQ==",
          "dependencies": [
            "random_string.suffix"
          ]
        }
      ]
    },
    {
      "module": "module.cluster-1",
      "mode": "managed",
      "type": "aws_launch_configuration",
      "name": "workers",
      "each": "list",
      "provider": "provider.aws",
      "instances": [
        {
          "index_key": 0,
          "schema_version": 0,
          "attributes": {
            "arn": "arn:aws:autoscaling:us-east-2:552086789601:launchConfiguration:f2361703-5a8f-4499-bfed-f4f4cd5d0edd:launchConfigurationName/cloudskiff-eks-KCcCmkbB-1.14-wg-small2020050809132415060000000d",
            "associate_public_ip_address": false,
            "ebs_block_device": [],
            "ebs_optimized": true,
            "enable_monitoring": true,
            "ephemeral_block_device": [],
            "iam_instance_profile": "cloudskiff-eks-KCcCmkbB20200508091320429800000008",
            "id": "cloudskiff-eks-KCcCmkbB-1.14-wg-small2020050809132415060000000d",
            "image_id": "ami-0cf254c9c4f8f8f0f",
            "instance_type": "t3.nano",
            "key_name": "admin-key-KCcCmkbB",
            "name": "cloudskiff-eks-KCcCmkbB-1.14-wg-small2020050809132415060000000d",
            "name_prefix": "cloudskiff-eks-KCcCmkbB-1.14-wg-small",
            "placement_tenancy": "",
            "root_block_device": [
              {
                "delete_on_termination": true,
                "encrypted": false,
                "iops": 0,
                "volume_size": 100,
                "volume_type": "gp2"
              }
            ],
            "security_groups": [
              "sg-05398a093d9a7f297"
            ],
            "spot_price": "",
            "user_data": null,
            "user_data_base64": "IyEvYmluL2Jhc2ggLXhlCgojIEFsbG93IHVzZXIgc3VwcGxpZWQgcHJlIHVzZXJkYXRhIGNvZGUKCgojIEJvb3RzdHJhcCBhbmQgam9pbiB0aGUgY2x1c3RlcgovZXRjL2Vrcy9ib290c3RyYXAuc2ggLS1iNjQtY2x1c3Rlci1jYSAnTFMwdExTMUNSVWRKVGlCRFJWSlVTVVpKUTBGVVJTMHRMUzB0Q2sxSlNVTjVSRU5EUVdKRFowRjNTVUpCWjBsQ1FVUkJUa0puYTNGb2EybEhPWGN3UWtGUmMwWkJSRUZXVFZKTmQwVlJXVVJXVVZGRVJYZHdjbVJYU213S1kyMDFiR1JIVm5wTlFqUllSRlJKZDAxRVZYZFBSRUUxVFZSRmVVOUdiMWhFVkUxM1RVUlZkMDVxUVRWTlZFVjVUMFp2ZDBaVVJWUk5Ra1ZIUVRGVlJRcEJlRTFMWVROV2FWcFlTblZhV0ZKc1kzcERRMEZUU1hkRVVWbEtTMjlhU1doMlkwNUJVVVZDUWxGQlJHZG5SVkJCUkVORFFWRnZRMmRuUlVKQlRIbGhDakJVYlRsVmFWWkRSRXR2UTBGaWRuRlZTVkYxZHpCc09VZHVaMXBNYTJWT1NqRTNRVEJuZFhKSEwxaHFWakpKTlhkU1YyWk9RMUJMY0hSVVIySlJlVTBLTUVSNE1HSjJOMWxvUmpOaU5uTXJUbGxDTldOb1FqTlpjV0pNZVdKMFJGQXljMVo2YkhVMlRYbFNXR1JoVDFKNFNEUnJXVlV6WkdjMVFYYzVUVTVvVXdwcVN6Tm9WR1U1WmtkU05VMVROV2Q2Y1haV2MyczNlR1ZqUjJGR2VtVkJhM0psU25waVVEaGpiVTlGZFU5blpXeENMM2xSU0cxV1QwTXdhVFJXSzFjNENrWk5RekUyY2t3d1dHdHpjRmhUY2pjMFpsRXdialp1TlVwaFRYRTJkRXByZEhneVpYcElOVkZ5VW01Rk1rNWlRemhzY0RKVVdsVmtSbEJ0TUhCaE1sZ0tjMDVVV0N0clVXNTFkRWxCZDFadFJqQkVSR2htVGtsMmREUnlWemhrS3l0RFNXMVZhbkkwTVd4MGFtUmhZa05aVlhKTmFpdHJPVE5TVTJsM01reFFOd3BzZW1SRFR5OXlXRUZpVFZCaFQwdDFaMXB6UTBGM1JVRkJZVTFxVFVORmQwUm5XVVJXVWpCUVFWRklMMEpCVVVSQlowdHJUVUU0UjBFeFZXUkZkMFZDQ2k5M1VVWk5RVTFDUVdZNGQwUlJXVXBMYjFwSmFIWmpUa0ZSUlV4Q1VVRkVaMmRGUWtGRVlTOUtSRlZTTldVNVdHWkdWbFJ2Y0dsYU0yWnVkVVZEUXpZS2RtZG1abHAwTW13eFIxVkZRekJsV1ZaWmRXZDZZMnRoT1Zwc2REUnlZbE5TY0hRNWVtOVdiVEpCVjFaaWRUTlphR056U1RKc1ZtVTNaazFXYkZCNVdBcG9abnBhZWtFNGVuWjZTRTlSVnpjeGVrTjNkMkl3VFVVMk4zSjFlQzk2YldsbGREVlNVSFkxYzNRemFWQjVZWFYyTTFab1NpOTFaRGh5WWl0WFNWSnhDbkEwVDJGQ05rMVdlbFpLWkdsc1duRmlWMkZTZWs0eldWWTRPRGM0VGxoeFZ5dFlibFprY2xsNWFEazVTR3RFT1V0NlFVOVNhVTlEVWxsNGNsSmxhR1lLWm1KRVozSTFVRzFPWlRCWGNFd3dWMFZpV1RNemJHRjVOa1Z4TlZNdlltRmhNM056VUVaNWNVSlFablZKTm1GNFNtOVRLekJrWW5WS1pYUTVOV295UkFvM05HTnlXRzFEUldOUU1YbFNSV1F4YlVVMVZXUjNaMVZXYm14d1pWSjBOVk5STDNSUlFrNWhlbWhDYVdobFpWQlRNVGwzUkRWSlJFMHhXVDBLTFMwdExTMUZUa1FnUTBWU1ZFbEdTVU5CVkVVdExTMHRMUW89JyAtLWFwaXNlcnZlci1lbmRwb2ludCAnaHR0cHM6Ly8wNDA3NzFCRUVCRTREODBCMjIwNTZEOURBM0E5MjJDOS5ncjcudXMtZWFzdC0yLmVrcy5hbWF6b25hd3MuY29tJyAgLS1rdWJlbGV0LWV4dHJhLWFyZ3MgIiIgJ2Nsb3Vkc2tpZmYtZWtzLUtDY0Nta2JCJwoKIyBBbGxvdyB1c2VyIHN1cHBsaWVkIHVzZXJkYXRhIGNvZGUKCg==",
            "vpc_classic_link_id": "",
            "vpc_classic_link_security_groups": null
          },
          "private": "bnVsbA==",
          "dependencies": [
            "aws_key_pair.admin",
            "module.cluster-1.aws_cloudwatch_log_group.this",
            "module.cluster-1.aws_eks_cluster.this",
            "module.cluster-1.aws_iam_instance_profile.workers",
            "module.cluster-1.aws_iam_role.cluster",
            "module.cluster-1.aws_iam_role.workers",
            "module.cluster-1.aws_iam_role_policy_attachment.cluster_AmazonEKSClusterPolicy",
            "module.cluster-1.aws_iam_role_policy_attachment.cluster_AmazonEKSServicePolicy",
            "module.cluster-1.aws_security_group.cluster",
            "module.cluster-1.aws_security_group.workers",
            "module.vpc.aws_subnet.private",
            "module.vpc.aws_vpc.this",
            "module.vpc.aws_vpc_ipv4_cidr_block_association.this",
            "random_string.suffix"
          ]
        }
      ]
    },
    {
      "module": "module.cluster-1",
      "mode": "managed",
      "type": "aws_launch_template",
      "name": "workers_launch_template",
      "each": "list",
      "provider": "provider.aws",
      "instances": []
    },
    {
      "module": "module.vpc",
      "mode": "managed",
      "type": "aws_nat_gateway",
      "name": "this",
      "each": "list",
      "provider": "provider.aws",
      "instances": [
        {
          "index_key": 0,
          "schema_version": 0,
          "attributes": {
            "allocation_id": "eipalloc-0d3497f92a7398f64",
            "id": "nat-070cec68ebc00caf1",
            "network_interface_id": "eni-000ee4a2b2f9b35c1",
            "private_ip": "10.0.4.236",
            "public_ip": "3.23.106.62",
            "subnet_id": "subnet-00b6ff8b838e3b483",
            "tags": {
              "Name": "vpc-cloudskiff-us-east-2a",
              "kubernetes.io/cluster/cloudskiff-eks-KCcCmkbB": "owned"
            }
          },
          "private": "bnVsbA==",
          "dependencies": [
            "module.vpc.aws_eip.nat",
            "module.vpc.aws_internet_gateway.this",
            "module.vpc.aws_subnet.public",
            "module.vpc.aws_vpc.this",
            "module.vpc.aws_vpc_ipv4_cidr_block_association.this",
            "random_string.suffix"
          ]
        }
      ]
    },
    {
      "module": "module.vpc",
      "mode": "managed",
      "type": "aws_network_acl",
      "name": "database",
      "each": "list",
      "provider": "provider.aws",
      "instances": []
    },
    {
      "module": "module.vpc",
      "mode": "managed",
      "type": "aws_network_acl",
      "name": "elasticache",
      "each": "list",
      "provider": "provider.aws",
      "instances": []
    },
    {
      "module": "module.vpc",
      "mode": "managed",
      "type": "aws_network_acl",
      "name": "intra",
      "each": "list",
      "provider": "provider.aws",
      "instances": []
    },
    {
      "module": "module.vpc",
      "mode": "managed",
      "type": "aws_network_acl",
      "name": "private",
      "each": "list",
      "provider": "provider.aws",
      "instances": []
    },
    {
      "module": "module.vpc",
      "mode": "managed",
      "type": "aws_network_acl",
      "name": "public",
      "each": "list",
      "provider": "provider.aws",
      "instances": []
    },
    {
      "module": "module.vpc",
      "mode": "managed",
      "type": "aws_network_acl",
      "name": "redshift",
      "each": "list",
      "provider": "provider.aws",
      "instances": []
    },
    {
      "module": "module.vpc",
      "mode": "managed",
      "type": "aws_network_acl_rule",
      "name": "database_inbound",
      "each": "list",
      "provider": "provider.aws",
      "instances": []
    },
    {
      "module": "module.vpc",
      "mode": "managed",
      "type": "aws_network_acl_rule",
      "name": "database_outbound",
      "each": "list",
      "provider": "provider.aws",
      "instances": []
    },
    {
      "module": "module.vpc",
      "mode": "managed",
      "type": "aws_network_acl_rule",
      "name": "elasticache_inbound",
      "each": "list",
      "provider": "provider.aws",
      "instances": []
    },
    {
      "module": "module.vpc",
      "mode": "managed",
      "type": "aws_network_acl_rule",
      "name": "elasticache_outbound",
      "each": "list",
      "provider": "provider.aws",
      "instances": []
    },
    {
      "module": "module.vpc",
      "mode": "managed",
      "type": "aws_network_acl_rule",
      "name": "intra_inbound",
      "each": "list",
      "provider": "provider.aws",
      "instances": []
    },
    {
      "module": "module.vpc",
      "mode": "managed",
      "type": "aws_network_acl_rule",
      "name": "intra_outbound",
      "each": "list",
      "provider": "provider.aws",
      "instances": []
    },
    {
      "module": "module.vpc",
      "mode": "managed",
      "type": "aws_network_acl_rule",
      "name": "private_inbound",
      "each": "list",
      "provider": "provider.aws",
      "instances": []
    },
    {
      "module": "module.vpc",
      "mode": "managed",
      "type": "aws_network_acl_rule",
      "name": "private_outbound",
      "each": "list",
      "provider": "provider.aws",
      "instances": []
    },
    {
      "module": "module.vpc",
      "mode": "managed",
      "type": "aws_network_acl_rule",
      "name": "public_inbound",
      "each": "list",
      "provider": "provider.aws",
      "instances": []
    },
    {
      "module": "module.vpc",
      "mode": "managed",
      "type": "aws_network_acl_rule",
      "name": "public_outbound",
      "each": "list",
      "provider": "provider.aws",
      "instances": []
    },
    {
      "module": "module.vpc",
      "mode": "managed",
      "type": "aws_network_acl_rule",
      "name": "redshift_inbound",
      "each": "list",
      "provider": "provider.aws",
      "instances": []
    },
    {
      "module": "module.vpc",
      "mode": "managed",
      "type": "aws_network_acl_rule",
      "name": "redshift_outbound",
      "each": "list",
      "provider": "provider.aws",
      "instances": []
    },
    {
      "module": "module.vpc",
      "mode": "managed",
      "type": "aws_redshift_subnet_group",
      "name": "redshift",
      "each": "list",
      "provider": "provider.aws",
      "instances": []
    },
    {
      "module": "module.vpc",
      "mode": "managed",
      "type": "aws_route",
      "name": "database_internet_gateway",
      "each": "list",
      "provider": "provider.aws",
      "instances": []
    },
    {
      "module": "module.vpc",
      "mode": "managed",
      "type": "aws_route",
      "name": "database_ipv6_egress",
      "each": "list",
      "provider": "provider.aws",
      "instances": []
    },
    {
      "module": "module.vpc",
      "mode": "managed",
      "type": "aws_route",
      "name": "database_nat_gateway",
      "each": "list",
      "provider": "provider.aws",
      "instances": []
    },
    {
      "module": "module.vpc",
      "mode": "managed",
      "type": "aws_route",
      "name": "private_ipv6_egress",
      "each": "list",
      "provider": "provider.aws",
      "instances": []
    },
    {
      "module": "module.vpc",
      "mode": "managed",
      "type": "aws_route",
      "name": "private_nat_gateway",
      "each": "list",
      "provider": "provider.aws",
      "instances": [
        {
          "index_key": 0,
          "schema_version": 0,
          "attributes": {
            "destination_cidr_block": "0.0.0.0/0",
            "destination_ipv6_cidr_block": null,
            "destination_prefix_list_id": "",
            "egress_only_gateway_id": "",
            "gateway_id": "",
            "id": "r-rtb-05c587a6e1f4da7251080289494",
            "instance_id": "",
            "instance_owner_id": "",
            "nat_gateway_id": "nat-070cec68ebc00caf1",
            "network_interface_id": "",
            "origin": "CreateRoute",
            "route_table_id": "rtb-05c587a6e1f4da725",
            "state": "active",
            "timeouts": {
              "create": "5m",
              "delete": null
            },
            "transit_gateway_id": "",
            "vpc_peering_connection_id": ""
          },
          "private": "eyJlMmJmYjczMC1lY2FhLTExZTYtOGY4OC0zNDM2M2JjN2M0YzAiOnsiY3JlYXRlIjozMDAwMDAwMDAwMDAsImRlbGV0ZSI6MzAwMDAwMDAwMDAwfX0=",
          "dependencies": [
            "module.vpc.aws_eip.nat",
            "module.vpc.aws_internet_gateway.this",
            "module.vpc.aws_nat_gateway.this",
            "module.vpc.aws_route_table.private",
            "module.vpc.aws_subnet.public",
            "module.vpc.aws_vpc.this",
            "module.vpc.aws_vpc_ipv4_cidr_block_association.this",
            "random_string.suffix"
          ]
        }
      ]
    },
    {
      "module": "module.vpc",
      "mode": "managed",
      "type": "aws_route",
      "name": "public_internet_gateway",
      "each": "list",
      "provider": "provider.aws",
      "instances": [
        {
          "index_key": 0,
          "schema_version": 0,
          "attributes": {
            "destination_cidr_block": "0.0.0.0/0",
            "destination_ipv6_cidr_block": null,
            "destination_prefix_list_id": "",
            "egress_only_gateway_id": "",
            "gateway_id": "igw-0ebba1b80031afeba",
            "id": "r-rtb-0a35063415bd6233b1080289494",
            "instance_id": "",
            "instance_owner_id": "",
            "nat_gateway_id": "",
            "network_interface_id": "",
            "origin": "CreateRoute",
            "route_table_id": "rtb-0a35063415bd6233b",
            "state": "active",
            "timeouts": {
              "create": "5m",
              "delete": null
            },
            "transit_gateway_id": "",
            "vpc_peering_connection_id": ""
          },
          "private": "eyJlMmJmYjczMC1lY2FhLTExZTYtOGY4OC0zNDM2M2JjN2M0YzAiOnsiY3JlYXRlIjozMDAwMDAwMDAwMDAsImRlbGV0ZSI6MzAwMDAwMDAwMDAwfX0=",
          "dependencies": [
            "module.vpc.aws_internet_gateway.this",
            "module.vpc.aws_route_table.public",
            "module.vpc.aws_vpc.this",
            "module.vpc.aws_vpc_ipv4_cidr_block_association.this",
            "random_string.suffix"
          ]
        }
      ]
    },
    {
      "module": "module.vpc",
      "mode": "managed",
      "type": "aws_route",
      "name": "public_internet_gateway_ipv6",
      "each": "list",
      "provider": "provider.aws",
      "instances": []
    },
    {
      "module": "module.vpc",
      "mode": "managed",
      "type": "aws_route_table",
      "name": "database",
      "each": "list",
      "provider": "provider.aws",
      "instances": []
    },
    {
      "module": "module.vpc",
      "mode": "managed",
      "type": "aws_route_table",
      "name": "elasticache",
      "each": "list",
      "provider": "provider.aws",
      "instances": []
    },
    {
      "module": "module.vpc",
      "mode": "managed",
      "type": "aws_route_table",
      "name": "intra",
      "each": "list",
      "provider": "provider.aws",
      "instances": []
    },
    {
      "module": "module.vpc",
      "mode": "managed",
      "type": "aws_route_table",
      "name": "private",
      "each": "list",
      "provider": "provider.aws",
      "instances": [
        {
          "index_key": 0,
          "schema_version": 0,
          "attributes": {
            "id": "rtb-05c587a6e1f4da725",
            "owner_id": "552086789601",
            "propagating_vgws": [],
            "route": [],
            "tags": {
              "Name": "vpc-cloudskiff-private",
              "kubernetes.io/cluster/cloudskiff-eks-KCcCmkbB": "owned"
            },
            "vpc_id": "vpc-0641669ebd0c98200"
          },
          "private": "bnVsbA==",
          "dependencies": [
            "module.vpc.aws_vpc.this",
            "module.vpc.aws_vpc_ipv4_cidr_block_association.this",
            "random_string.suffix"
          ]
        }
      ]
    },
    {
      "module": "module.vpc",
      "mode": "managed",
      "type": "aws_route_table",
      "name": "public",
      "each": "list",
      "provider": "provider.aws",
      "instances": [
        {
          "index_key": 0,
          "schema_version": 0,
          "attributes": {
            "id": "rtb-0a35063415bd6233b",
            "owner_id": "552086789601",
            "propagating_vgws": [],
            "route": [],
            "tags": {
              "Name": "vpc-cloudskiff-public",
              "kubernetes.io/cluster/cloudskiff-eks-KCcCmkbB": "owned"
            },
            "vpc_id": "vpc-0641669ebd0c98200"
          },
          "private": "bnVsbA==",
          "dependencies": [
            "module.vpc.aws_vpc.this",
            "module.vpc.aws_vpc_ipv4_cidr_block_association.this",
            "random_string.suffix"
          ]
        }
      ]
    },
    {
      "module": "module.vpc",
      "mode": "managed",
      "type": "aws_route_table",
      "name": "redshift",
      "each": "list",
      "provider": "provider.aws",
      "instances": []
    },
    {
      "module": "module.vpc",
      "mode": "managed",
      "type": "aws_route_table_association",
      "name": "database",
      "each": "list",
      "provider": "provider.aws",
      "instances": []
    },
    {
      "module": "module.vpc",
      "mode": "managed",
      "type": "aws_route_table_association",
      "name": "elasticache",
      "each": "list",
      "provider": "provider.aws",
      "instances": []
    },
    {
      "module": "module.vpc",
      "mode": "managed",
      "type": "aws_route_table_association",
      "name": "intra",
      "each": "list",
      "provider": "provider.aws",
      "instances": []
    },
    {
      "module": "module.vpc",
      "mode": "managed",
      "type": "aws_route_table_association",
      "name": "private",
      "each": "list",
      "provider": "provider.aws",
      "instances": [
        {
          "index_key": 0,
          "schema_version": 0,
          "attributes": {
            "gateway_id": null,
            "id": "rtbassoc-0069c3a5ac0e26e30",
            "route_table_id": "rtb-05c587a6e1f4da725",
            "subnet_id": "subnet-0b4221ce600383894"
          },
          "private": "bnVsbA==",
          "dependencies": [
            "module.vpc.aws_route_table.private",
            "module.vpc.aws_subnet.private",
            "module.vpc.aws_vpc.this",
            "module.vpc.aws_vpc_ipv4_cidr_block_association.this",
            "random_string.suffix"
          ]
        },
        {
          "index_key": 1,
          "schema_version": 0,
          "attributes": {
            "gateway_id": null,
            "id": "rtbassoc-09ae0ad3027040414",
            "route_table_id": "rtb-05c587a6e1f4da725",
            "subnet_id": "subnet-0087165e6fab7db54"
          },
          "private": "bnVsbA==",
          "dependencies": [
            "module.vpc.aws_route_table.private",
            "module.vpc.aws_subnet.private",
            "module.vpc.aws_vpc.this",
            "module.vpc.aws_vpc_ipv4_cidr_block_association.this",
            "random_string.suffix"
          ]
        },
        {
          "index_key": 2,
          "schema_version": 0,
          "attributes": {
            "gateway_id": null,
            "id": "rtbassoc-0b6d5534e22a34e90",
            "route_table_id": "rtb-05c587a6e1f4da725",
            "subnet_id": "subnet-024b64ce04bb3aafd"
          },
          "private": "bnVsbA==",
          "dependencies": [
            "module.vpc.aws_route_table.private",
            "module.vpc.aws_subnet.private",
            "module.vpc.aws_vpc.this",
            "module.vpc.aws_vpc_ipv4_cidr_block_association.this",
            "random_string.suffix"
          ]
        }
      ]
    },
    {
      "module": "module.vpc",
      "mode": "managed",
      "type": "aws_route_table_association",
      "name": "public",
      "each": "list",
      "provider": "provider.aws",
      "instances": [
        {
          "index_key": 0,
          "schema_version": 0,
          "attributes": {
            "gateway_id": null,
            "id": "rtbassoc-09ab4b27b1b3c35da",
            "route_table_id": "rtb-0a35063415bd6233b",
            "subnet_id": "subnet-00b6ff8b838e3b483"
          },
          "private": "bnVsbA==",
          "dependencies": [
            "module.vpc.aws_route_table.public",
            "module.vpc.aws_subnet.public",
            "module.vpc.aws_vpc.this",
            "module.vpc.aws_vpc_ipv4_cidr_block_association.this",
            "random_string.suffix"
          ]
        },
        {
          "index_key": 1,
          "schema_version": 0,
          "attributes": {
            "gateway_id": null,
            "id": "rtbassoc-08e252c8ff194e6ef",
            "route_table_id": "rtb-0a35063415bd6233b",
            "subnet_id": "subnet-056faac873fd1cb0e"
          },
          "private": "bnVsbA==",
          "dependencies": [
            "module.vpc.aws_route_table.public",
            "module.vpc.aws_subnet.public",
            "module.vpc.aws_vpc.this",
            "module.vpc.aws_vpc_ipv4_cidr_block_association.this",
            "random_string.suffix"
          ]
        },
        {
          "index_key": 2,
          "schema_version": 0,
          "attributes": {
            "gateway_id": null,
            "id": "rtbassoc-0548d59b815e1b30a",
            "route_table_id": "rtb-0a35063415bd6233b",
            "subnet_id": "subnet-0721a44c40a8ba33e"
          },
          "private": "bnVsbA==",
          "dependencies": [
            "module.vpc.aws_route_table.public",
            "module.vpc.aws_subnet.public",
            "module.vpc.aws_vpc.this",
            "module.vpc.aws_vpc_ipv4_cidr_block_association.this",
            "random_string.suffix"
          ]
        }
      ]
    },
    {
      "module": "module.vpc",
      "mode": "managed",
      "type": "aws_route_table_association",
      "name": "redshift",
      "each": "list",
      "provider": "provider.aws",
      "instances": []
    },
    {
      "module": "module.vpc",
      "mode": "managed",
      "type": "aws_route_table_association",
      "name": "redshift_public",
      "each": "list",
      "provider": "provider.aws",
      "instances": []
    },
    {
      "module": "module.cluster-1",
      "mode": "managed",
      "type": "aws_security_group",
      "name": "cluster",
      "each": "list",
      "provider": "provider.aws",
      "instances": [
        {
          "index_key": 0,
          "schema_version": 1,
          "attributes": {
            "arn": "arn:aws:ec2:us-east-2:552086789601:security-group/sg-00050a544ab22ce30",
            "description": "EKS cluster security group.",
            "egress": [],
            "id": "sg-00050a544ab22ce30",
            "ingress": [],
            "name": "cloudskiff-eks-KCcCmkbB20200508090425430200000004",
            "name_prefix": "cloudskiff-eks-KCcCmkbB",
            "owner_id": "552086789601",
            "revoke_rules_on_delete": false,
            "tags": {
              "CloudSkiff": "true",
              "Name": "cloudskiff-eks-KCcCmkbB-eks_cluster_sg",
              "Terraform": "true",
              "environment": "production"
            },
            "timeouts": null,
            "vpc_id": "vpc-0641669ebd0c98200"
          },
          "private": "eyJlMmJmYjczMC1lY2FhLTExZTYtOGY4OC0zNDM2M2JjN2M0YzAiOnsiY3JlYXRlIjo2MDAwMDAwMDAwMDAsImRlbGV0ZSI6NjAwMDAwMDAwMDAwfSwic2NoZW1hX3ZlcnNpb24iOiIxIn0=",
          "dependencies": [
            "module.vpc.aws_vpc.this",
            "random_string.suffix"
          ]
        }
      ]
    },
    {
      "module": "module.cluster-1",
      "mode": "managed",
      "type": "aws_security_group",
      "name": "workers",
      "each": "list",
      "provider": "provider.aws",
      "instances": [
        {
          "index_key": 0,
          "schema_version": 1,
          "attributes": {
            "arn": "arn:aws:ec2:us-east-2:552086789601:security-group/sg-05398a093d9a7f297",
            "description": "Security group for all nodes in the cluster.",
            "egress": [],
            "id": "sg-05398a093d9a7f297",
            "ingress": [],
            "name": "cloudskiff-eks-KCcCmkbB20200508091319625500000005",
            "name_prefix": "cloudskiff-eks-KCcCmkbB",
            "owner_id": "552086789601",
            "revoke_rules_on_delete": false,
            "tags": {
              "CloudSkiff": "true",
              "Name": "cloudskiff-eks-KCcCmkbB-eks_worker_sg",
              "Terraform": "true",
              "environment": "production",
              "kubernetes.io/cluster/cloudskiff-eks-KCcCmkbB": "owned"
            },
            "timeouts": null,
            "vpc_id": "vpc-0641669ebd0c98200"
          },
          "private": "eyJlMmJmYjczMC1lY2FhLTExZTYtOGY4OC0zNDM2M2JjN2M0YzAiOnsiY3JlYXRlIjo2MDAwMDAwMDAwMDAsImRlbGV0ZSI6NjAwMDAwMDAwMDAwfSwic2NoZW1hX3ZlcnNpb24iOiIxIn0=",
          "dependencies": [
            "module.cluster-1.aws_cloudwatch_log_group.this",
            "module.cluster-1.aws_eks_cluster.this",
            "module.cluster-1.aws_iam_role.cluster",
            "module.cluster-1.aws_iam_role_policy_attachment.cluster_AmazonEKSClusterPolicy",
            "module.cluster-1.aws_iam_role_policy_attachment.cluster_AmazonEKSServicePolicy",
            "module.cluster-1.aws_security_group.cluster",
            "module.vpc.aws_subnet.private",
            "module.vpc.aws_vpc.this",
            "module.vpc.aws_vpc_ipv4_cidr_block_association.this",
            "random_string.suffix"
          ]
        }
      ]
    },
    {
      "module": "module.cluster-1",
      "mode": "managed",
      "type": "aws_security_group_rule",
      "name": "cluster_egress_internet",
      "each": "list",
      "provider": "provider.aws",
      "instances": [
        {
          "index_key": 0,
          "schema_version": 2,
          "attributes": {
            "cidr_blocks": [
              "0.0.0.0/0"
            ],
            "description": "Allow cluster egress access to the Internet.",
            "from_port": 0,
            "id": "sgrule-1623803707",
            "ipv6_cidr_blocks": null,
            "prefix_list_ids": null,
            "protocol": "-1",
            "security_group_id": "sg-00050a544ab22ce30",
            "self": false,
            "source_security_group_id": null,
            "to_port": 0,
            "type": "egress"
          },
          "private": "eyJzY2hlbWFfdmVyc2lvbiI6IjIifQ==",
          "dependencies": [
            "module.cluster-1.aws_security_group.cluster",
            "module.vpc.aws_vpc.this",
            "random_string.suffix"
          ]
        }
      ]
    },
    {
      "module": "module.cluster-1",
      "mode": "managed",
      "type": "aws_security_group_rule",
      "name": "cluster_https_worker_ingress",
      "each": "list",
      "provider": "provider.aws",
      "instances": [
        {
          "index_key": 0,
          "schema_version": 2,
          "attributes": {
            "cidr_blocks": null,
            "description": "Allow pods to communicate with the EKS cluster API.",
            "from_port": 443,
            "id": "sgrule-347723436",
            "ipv6_cidr_blocks": null,
            "prefix_list_ids": null,
            "protocol": "tcp",
            "security_group_id": "sg-00050a544ab22ce30",
            "self": false,
            "source_security_group_id": "sg-05398a093d9a7f297",
            "to_port": 443,
            "type": "ingress"
          },
          "private": "eyJzY2hlbWFfdmVyc2lvbiI6IjIifQ==",
          "dependencies": [
            "module.cluster-1.aws_cloudwatch_log_group.this",
            "module.cluster-1.aws_eks_cluster.this",
            "module.cluster-1.aws_iam_role.cluster",
            "module.cluster-1.aws_iam_role_policy_attachment.cluster_AmazonEKSClusterPolicy",
            "module.cluster-1.aws_iam_role_policy_attachment.cluster_AmazonEKSServicePolicy",
            "module.cluster-1.aws_security_group.cluster",
            "module.cluster-1.aws_security_group.workers",
            "module.vpc.aws_subnet.private",
            "module.vpc.aws_vpc.this",
            "module.vpc.aws_vpc_ipv4_cidr_block_association.this",
            "random_string.suffix"
          ]
        }
      ]
    },
    {
      "module": "module.cluster-1",
      "mode": "managed",
      "type": "aws_security_group_rule",
      "name": "workers_egress_internet",
      "each": "list",
      "provider": "provider.aws",
      "instances": [
        {
          "index_key": 0,
          "schema_version": 2,
          "attributes": {
            "cidr_blocks": [
              "0.0.0.0/0"
            ],
            "description": "Allow nodes all egress to the Internet.",
            "from_port": 0,
            "id": "sgrule-1369350771",
            "ipv6_cidr_blocks": null,
            "prefix_list_ids": null,
            "protocol": "-1",
            "security_group_id": "sg-05398a093d9a7f297",
            "self": false,
            "source_security_group_id": null,
            "to_port": 0,
            "type": "egress"
          },
          "private": "eyJzY2hlbWFfdmVyc2lvbiI6IjIifQ==",
          "dependencies": [
            "module.cluster-1.aws_cloudwatch_log_group.this",
            "module.cluster-1.aws_eks_cluster.this",
            "module.cluster-1.aws_iam_role.cluster",
            "module.cluster-1.aws_iam_role_policy_attachment.cluster_AmazonEKSClusterPolicy",
            "module.cluster-1.aws_iam_role_policy_attachment.cluster_AmazonEKSServicePolicy",
            "module.cluster-1.aws_security_group.cluster",
            "module.cluster-1.aws_security_group.workers",
            "module.vpc.aws_subnet.private",
            "module.vpc.aws_vpc.this",
            "module.vpc.aws_vpc_ipv4_cidr_block_association.this",
            "random_string.suffix"
          ]
        }
      ]
    },
    {
      "module": "module.cluster-1",
      "mode": "managed",
      "type": "aws_security_group_rule",
      "name": "workers_ingress_cluster",
      "each": "list",
      "provider": "provider.aws",
      "instances": [
        {
          "index_key": 0,
          "schema_version": 2,
          "attributes": {
            "cidr_blocks": null,
            "description": "Allow workers pods to receive communication from the cluster control plane.",
            "from_port": 1025,
            "id": "sgrule-503719471",
            "ipv6_cidr_blocks": null,
            "prefix_list_ids": null,
            "protocol": "tcp",
            "security_group_id": "sg-05398a093d9a7f297",
            "self": false,
            "source_security_group_id": "sg-00050a544ab22ce30",
            "to_port": 65535,
            "type": "ingress"
          },
          "private": "eyJzY2hlbWFfdmVyc2lvbiI6IjIifQ==",
          "dependencies": [
            "module.cluster-1.aws_cloudwatch_log_group.this",
            "module.cluster-1.aws_eks_cluster.this",
            "module.cluster-1.aws_iam_role.cluster",
            "module.cluster-1.aws_iam_role_policy_attachment.cluster_AmazonEKSClusterPolicy",
            "module.cluster-1.aws_iam_role_policy_attachment.cluster_AmazonEKSServicePolicy",
            "module.cluster-1.aws_security_group.cluster",
            "module.cluster-1.aws_security_group.workers",
            "module.vpc.aws_subnet.private",
            "module.vpc.aws_vpc.this",
            "module.vpc.aws_vpc_ipv4_cidr_block_association.this",
            "random_string.suffix"
          ]
        }
      ]
    },
    {
      "module": "module.cluster-1",
      "mode": "managed",
      "type": "aws_security_group_rule",
      "name": "workers_ingress_cluster_https",
      "each": "list",
      "provider": "provider.aws",
      "instances": [
        {
          "index_key": 0,
          "schema_version": 2,
          "attributes": {
            "cidr_blocks": null,
            "description": "Allow pods running extension API servers on port 443 to receive communication from cluster control plane.",
            "from_port": 443,
            "id": "sgrule-932247700",
            "ipv6_cidr_blocks": null,
            "prefix_list_ids": null,
            "protocol": "tcp",
            "security_group_id": "sg-05398a093d9a7f297",
            "self": false,
            "source_security_group_id": "sg-00050a544ab22ce30",
            "to_port": 443,
            "type": "ingress"
          },
          "private": "eyJzY2hlbWFfdmVyc2lvbiI6IjIifQ==",
          "dependencies": [
            "module.cluster-1.aws_cloudwatch_log_group.this",
            "module.cluster-1.aws_eks_cluster.this",
            "module.cluster-1.aws_iam_role.cluster",
            "module.cluster-1.aws_iam_role_policy_attachment.cluster_AmazonEKSClusterPolicy",
            "module.cluster-1.aws_iam_role_policy_attachment.cluster_AmazonEKSServicePolicy",
            "module.cluster-1.aws_security_group.cluster",
            "module.cluster-1.aws_security_group.workers",
            "module.vpc.aws_subnet.private",
            "module.vpc.aws_vpc.this",
            "module.vpc.aws_vpc_ipv4_cidr_block_association.this",
            "random_string.suffix"
          ]
        }
      ]
    },
    {
      "module": "module.cluster-1",
      "mode": "managed",
      "type": "aws_security_group_rule",
      "name": "workers_ingress_cluster_kubelet",
      "each": "list",
      "provider": "provider.aws",
      "instances": []
    },
    {
      "module": "module.cluster-1",
      "mode": "managed",
      "type": "aws_security_group_rule",
      "name": "workers_ingress_self",
      "each": "list",
      "provider": "provider.aws",
      "instances": [
        {
          "index_key": 0,
          "schema_version": 2,
          "attributes": {
            "cidr_blocks": null,
            "description": "Allow node to communicate with each other.",
            "from_port": 0,
            "id": "sgrule-1075631846",
            "ipv6_cidr_blocks": null,
            "prefix_list_ids": null,
            "protocol": "-1",
            "security_group_id": "sg-05398a093d9a7f297",
            "self": false,
            "source_security_group_id": "sg-05398a093d9a7f297",
            "to_port": 65535,
            "type": "ingress"
          },
          "private": "eyJzY2hlbWFfdmVyc2lvbiI6IjIifQ==",
          "dependencies": [
            "module.cluster-1.aws_cloudwatch_log_group.this",
            "module.cluster-1.aws_eks_cluster.this",
            "module.cluster-1.aws_iam_role.cluster",
            "module.cluster-1.aws_iam_role_policy_attachment.cluster_AmazonEKSClusterPolicy",
            "module.cluster-1.aws_iam_role_policy_attachment.cluster_AmazonEKSServicePolicy",
            "module.cluster-1.aws_security_group.cluster",
            "module.cluster-1.aws_security_group.workers",
            "module.vpc.aws_subnet.private",
            "module.vpc.aws_vpc.this",
            "module.vpc.aws_vpc_ipv4_cidr_block_association.this",
            "random_string.suffix"
          ]
        }
      ]
    },
    {
      "module": "module.vpc",
      "mode": "managed",
      "type": "aws_subnet",
      "name": "database",
      "each": "list",
      "provider": "provider.aws",
      "instances": []
    },
    {
      "module": "module.vpc",
      "mode": "managed",
      "type": "aws_subnet",
      "name": "elasticache",
      "each": "list",
      "provider": "provider.aws",
      "instances": []
    },
    {
      "module": "module.vpc",
      "mode": "managed",
      "type": "aws_subnet",
      "name": "intra",
      "each": "list",
      "provider": "provider.aws",
      "instances": []
    },
    {
      "module": "module.vpc",
      "mode": "managed",
      "type": "aws_subnet",
      "name": "private",
      "each": "list",
      "provider": "provider.aws",
      "instances": [
        {
          "index_key": 0,
          "schema_version": 1,
          "attributes": {
            "arn": "arn:aws:ec2:us-east-2:552086789601:subnet/subnet-0b4221ce600383894",
            "assign_ipv6_address_on_creation": false,
            "availability_zone": "us-east-2a",
            "availability_zone_id": "use2-az1",
            "cidr_block": "10.0.1.0/24",
            "id": "subnet-0b4221ce600383894",
            "ipv6_cidr_block": "",
            "ipv6_cidr_block_association_id": "",
            "map_public_ip_on_launch": false,
            "outpost_arn": "",
            "owner_id": "552086789601",
            "tags": {
              "Name": "vpc-cloudskiff-private-us-east-2a",
              "kubernetes.io/cluster/cloudskiff-eks-KCcCmkbB": "shared",
              "kubernetes.io/role/internal-elb": "true"
            },
            "timeouts": null,
            "vpc_id": "vpc-0641669ebd0c98200"
          },
          "private": "eyJlMmJmYjczMC1lY2FhLTExZTYtOGY4OC0zNDM2M2JjN2M0YzAiOnsiY3JlYXRlIjo2MDAwMDAwMDAwMDAsImRlbGV0ZSI6MTIwMDAwMDAwMDAwMH0sInNjaGVtYV92ZXJzaW9uIjoiMSJ9",
          "dependencies": [
            "module.vpc.aws_vpc.this",
            "module.vpc.aws_vpc_ipv4_cidr_block_association.this",
            "random_string.suffix"
          ]
        },
        {
          "index_key": 1,
          "schema_version": 1,
          "attributes": {
            "arn": "arn:aws:ec2:us-east-2:552086789601:subnet/subnet-0087165e6fab7db54",
            "assign_ipv6_address_on_creation": false,
            "availability_zone": "us-east-2b",
            "availability_zone_id": "use2-az2",
            "cidr_block": "10.0.2.0/24",
            "id": "subnet-0087165e6fab7db54",
            "ipv6_cidr_block": "",
            "ipv6_cidr_block_association_id": "",
            "map_public_ip_on_launch": false,
            "outpost_arn": "",
            "owner_id": "552086789601",
            "tags": {
              "Name": "vpc-cloudskiff-private-us-east-2b",
              "kubernetes.io/cluster/cloudskiff-eks-KCcCmkbB": "shared",
              "kubernetes.io/role/internal-elb": "true"
            },
            "timeouts": null,
            "vpc_id": "vpc-0641669ebd0c98200"
          },
          "private": "eyJlMmJmYjczMC1lY2FhLTExZTYtOGY4OC0zNDM2M2JjN2M0YzAiOnsiY3JlYXRlIjo2MDAwMDAwMDAwMDAsImRlbGV0ZSI6MTIwMDAwMDAwMDAwMH0sInNjaGVtYV92ZXJzaW9uIjoiMSJ9",
          "dependencies": [
            "module.vpc.aws_vpc.this",
            "module.vpc.aws_vpc_ipv4_cidr_block_association.this",
            "random_string.suffix"
          ]
        },
        {
          "index_key": 2,
          "schema_version": 1,
          "attributes": {
            "arn": "arn:aws:ec2:us-east-2:552086789601:subnet/subnet-024b64ce04bb3aafd",
            "assign_ipv6_address_on_creation": false,
            "availability_zone": "us-east-2c",
            "availability_zone_id": "use2-az3",
            "cidr_block": "10.0.3.0/24",
            "id": "subnet-024b64ce04bb3aafd",
            "ipv6_cidr_block": "",
            "ipv6_cidr_block_association_id": "",
            "map_public_ip_on_launch": false,
            "outpost_arn": "",
            "owner_id": "552086789601",
            "tags": {
              "Name": "vpc-cloudskiff-private-us-east-2c",
              "kubernetes.io/cluster/cloudskiff-eks-KCcCmkbB": "shared",
              "kubernetes.io/role/internal-elb": "true"
            },
            "timeouts": null,
            "vpc_id": "vpc-0641669ebd0c98200"
          },
          "private": "eyJlMmJmYjczMC1lY2FhLTExZTYtOGY4OC0zNDM2M2JjN2M0YzAiOnsiY3JlYXRlIjo2MDAwMDAwMDAwMDAsImRlbGV0ZSI6MTIwMDAwMDAwMDAwMH0sInNjaGVtYV92ZXJzaW9uIjoiMSJ9",
          "dependencies": [
            "module.vpc.aws_vpc.this",
            "module.vpc.aws_vpc_ipv4_cidr_block_association.this",
            "random_string.suffix"
          ]
        }
      ]
    },
    {
      "module": "module.vpc",
      "mode": "managed",
      "type": "aws_subnet",
      "name": "public",
      "each": "list",
      "provider": "provider.aws",
      "instances": [
        {
          "index_key": 0,
          "schema_version": 1,
          "attributes": {
            "arn": "arn:aws:ec2:us-east-2:552086789601:subnet/subnet-00b6ff8b838e3b483",
            "assign_ipv6_address_on_creation": false,
            "availability_zone": "us-east-2a",
            "availability_zone_id": "use2-az1",
            "cidr_block": "10.0.4.0/24",
            "id": "subnet-00b6ff8b838e3b483",
            "ipv6_cidr_block": "",
            "ipv6_cidr_block_association_id": "",
            "map_public_ip_on_launch": true,
            "outpost_arn": "",
            "owner_id": "552086789601",
            "tags": {
              "Name": "vpc-cloudskiff-public-us-east-2a",
              "kubernetes.io/cluster/cloudskiff-eks-KCcCmkbB": "shared",
              "kubernetes.io/role/elb": "1"
            },
            "timeouts": null,
            "vpc_id": "vpc-0641669ebd0c98200"
          },
          "private": "eyJlMmJmYjczMC1lY2FhLTExZTYtOGY4OC0zNDM2M2JjN2M0YzAiOnsiY3JlYXRlIjo2MDAwMDAwMDAwMDAsImRlbGV0ZSI6MTIwMDAwMDAwMDAwMH0sInNjaGVtYV92ZXJzaW9uIjoiMSJ9",
          "dependencies": [
            "module.vpc.aws_vpc.this",
            "module.vpc.aws_vpc_ipv4_cidr_block_association.this",
            "random_string.suffix"
          ]
        },
        {
          "index_key": 1,
          "schema_version": 1,
          "attributes": {
            "arn": "arn:aws:ec2:us-east-2:552086789601:subnet/subnet-056faac873fd1cb0e",
            "assign_ipv6_address_on_creation": false,
            "availability_zone": "us-east-2b",
            "availability_zone_id": "use2-az2",
            "cidr_block": "10.0.5.0/24",
            "id": "subnet-056faac873fd1cb0e",
            "ipv6_cidr_block": "",
            "ipv6_cidr_block_association_id": "",
            "map_public_ip_on_launch": true,
            "outpost_arn": "",
            "owner_id": "552086789601",
            "tags": {
              "Name": "vpc-cloudskiff-public-us-east-2b",
              "kubernetes.io/cluster/cloudskiff-eks-KCcCmkbB": "shared",
              "kubernetes.io/role/elb": "1"
            },
            "timeouts": null,
            "vpc_id": "vpc-0641669ebd0c98200"
          },
          "private": "eyJlMmJmYjczMC1lY2FhLTExZTYtOGY4OC0zNDM2M2JjN2M0YzAiOnsiY3JlYXRlIjo2MDAwMDAwMDAwMDAsImRlbGV0ZSI6MTIwMDAwMDAwMDAwMH0sInNjaGVtYV92ZXJzaW9uIjoiMSJ9",
          "dependencies": [
            "module.vpc.aws_vpc.this",
            "module.vpc.aws_vpc_ipv4_cidr_block_association.this",
            "random_string.suffix"
          ]
        },
        {
          "index_key": 2,
          "schema_version": 1,
          "attributes": {
            "arn": "arn:aws:ec2:us-east-2:552086789601:subnet/subnet-0721a44c40a8ba33e",
            "assign_ipv6_address_on_creation": false,
            "availability_zone": "us-east-2c",
            "availability_zone_id": "use2-az3",
            "cidr_block": "10.0.6.0/24",
            "id": "subnet-0721a44c40a8ba33e",
            "ipv6_cidr_block": "",
            "ipv6_cidr_block_association_id": "",
            "map_public_ip_on_launch": true,
            "outpost_arn": "",
            "owner_id": "552086789601",
            "tags": {
              "Name": "vpc-cloudskiff-public-us-east-2c",
              "kubernetes.io/cluster/cloudskiff-eks-KCcCmkbB": "shared",
              "kubernetes.io/role/elb": "1"
            },
            "timeouts": null,
            "vpc_id": "vpc-0641669ebd0c98200"
          },
          "private": "eyJlMmJmYjczMC1lY2FhLTExZTYtOGY4OC0zNDM2M2JjN2M0YzAiOnsiY3JlYXRlIjo2MDAwMDAwMDAwMDAsImRlbGV0ZSI6MTIwMDAwMDAwMDAwMH0sInNjaGVtYV92ZXJzaW9uIjoiMSJ9",
          "dependencies": [
            "module.vpc.aws_vpc.this",
            "module.vpc.aws_vpc_ipv4_cidr_block_association.this",
            "random_string.suffix"
          ]
        }
      ]
    },
    {
      "module": "module.vpc",
      "mode": "managed",
      "type": "aws_subnet",
      "name": "redshift",
      "each": "list",
      "provider": "provider.aws",
      "instances": []
    },
    {
      "module": "module.vpc",
      "mode": "managed",
      "type": "aws_vpc",
      "name": "this",
      "each": "list",
      "provider": "provider.aws",
      "instances": [
        {
          "index_key": 0,
          "schema_version": 1,
          "attributes": {
            "arn": "arn:aws:ec2:us-east-2:552086789601:vpc/vpc-0641669ebd0c98200",
            "assign_generated_ipv6_cidr_block": false,
            "cidr_block": "10.0.0.0/16",
            "default_network_acl_id": "acl-06a1ddd5ff1e04bac",
            "default_route_table_id": "rtb-09ffe0a7e70f7a738",
            "default_security_group_id": "sg-04ad4656fa8a31bfc",
            "dhcp_options_id": "dopt-9a32f1f1",
            "enable_classiclink": null,
            "enable_classiclink_dns_support": null,
            "enable_dns_hostnames": true,
            "enable_dns_support": true,
            "id": "vpc-0641669ebd0c98200",
            "instance_tenancy": "default",
            "ipv6_association_id": "",
            "ipv6_cidr_block": "",
            "main_route_table_id": "rtb-09ffe0a7e70f7a738",
            "owner_id": "552086789601",
            "tags": {
              "Name": "vpc-cloudskiff",
              "kubernetes.io/cluster/cloudskiff-eks-KCcCmkbB": "owned"
            }
          },
          "private": "eyJzY2hlbWFfdmVyc2lvbiI6IjEifQ==",
          "dependencies": [
            "random_string.suffix"
          ]
        }
      ]
    },
    {
      "module": "module.vpc",
      "mode": "managed",
      "type": "aws_vpc_dhcp_options",
      "name": "this",
      "each": "list",
      "provider": "provider.aws",
      "instances": []
    },
    {
      "module": "module.vpc",
      "mode": "managed",
      "type": "aws_vpc_dhcp_options_association",
      "name": "this",
      "each": "list",
      "provider": "provider.aws",
      "instances": []
    },
    {
      "module": "module.vpc",
      "mode": "managed",
      "type": "aws_vpc_endpoint",
      "name": "apigw",
      "each": "list",
      "provider": "provider.aws",
      "instances": []
    },
    {
      "module": "module.vpc",
      "mode": "managed",
      "type": "aws_vpc_endpoint",
      "name": "appmesh_envoy_management",
      "each": "list",
      "provider": "provider.aws",
      "instances": []
    },
    {
      "module": "module.vpc",
      "mode": "managed",
      "type": "aws_vpc_endpoint",
      "name": "appstream",
      "each": "list",
      "provider": "provider.aws",
      "instances": []
    },
    {
      "module": "module.vpc",
      "mode": "managed",
      "type": "aws_vpc_endpoint",
      "name": "athena",
      "each": "list",
      "provider": "provider.aws",
      "instances": []
    },
    {
      "module": "module.vpc",
      "mode": "managed",
      "type": "aws_vpc_endpoint",
      "name": "cloudformation",
      "each": "list",
      "provider": "provider.aws",
      "instances": []
    },
    {
      "module": "module.vpc",
      "mode": "managed",
      "type": "aws_vpc_endpoint",
      "name": "cloudtrail",
      "each": "list",
      "provider": "provider.aws",
      "instances": []
    },
    {
      "module": "module.vpc",
      "mode": "managed",
      "type": "aws_vpc_endpoint",
      "name": "codebuild",
      "each": "list",
      "provider": "provider.aws",
      "instances": []
    },
    {
      "module": "module.vpc",
      "mode": "managed",
      "type": "aws_vpc_endpoint",
      "name": "codecommit",
      "each": "list",
      "provider": "provider.aws",
      "instances": []
    },
    {
      "module": "module.vpc",
      "mode": "managed",
      "type": "aws_vpc_endpoint",
      "name": "codepipeline",
      "each": "list",
      "provider": "provider.aws",
      "instances": []
    },
    {
      "module": "module.vpc",
      "mode": "managed",
      "type": "aws_vpc_endpoint",
      "name": "config",
      "each": "list",
      "provider": "provider.aws",
      "instances": []
    },
    {
      "module": "module.vpc",
      "mode": "managed",
      "type": "aws_vpc_endpoint",
      "name": "dynamodb",
      "each": "list",
      "provider": "provider.aws",
      "instances": []
    },
    {
      "module": "module.vpc",
      "mode": "managed",
      "type": "aws_vpc_endpoint",
      "name": "ec2",
      "each": "list",
      "provider": "provider.aws",
      "instances": []
    },
    {
      "module": "module.vpc",
      "mode": "managed",
      "type": "aws_vpc_endpoint",
      "name": "ec2messages",
      "each": "list",
      "provider": "provider.aws",
      "instances": []
    },
    {
      "module": "module.vpc",
      "mode": "managed",
      "type": "aws_vpc_endpoint",
      "name": "ecr_api",
      "each": "list",
      "provider": "provider.aws",
      "instances": []
    },
    {
      "module": "module.vpc",
      "mode": "managed",
      "type": "aws_vpc_endpoint",
      "name": "ecr_dkr",
      "each": "list",
      "provider": "provider.aws",
      "instances": []
    },
    {
      "module": "module.vpc",
      "mode": "managed",
      "type": "aws_vpc_endpoint",
      "name": "ecs",
      "each": "list",
      "provider": "provider.aws",
      "instances": []
    },
    {
      "module": "module.vpc",
      "mode": "managed",
      "type": "aws_vpc_endpoint",
      "name": "ecs_agent",
      "each": "list",
      "provider": "provider.aws",
      "instances": []
    },
    {
      "module": "module.vpc",
      "mode": "managed",
      "type": "aws_vpc_endpoint",
      "name": "ecs_telemetry",
      "each": "list",
      "provider": "provider.aws",
      "instances": []
    },
    {
      "module": "module.vpc",
      "mode": "managed",
      "type": "aws_vpc_endpoint",
      "name": "elasticloadbalancing",
      "each": "list",
      "provider": "provider.aws",
      "instances": []
    },
    {
      "module": "module.vpc",
      "mode": "managed",
      "type": "aws_vpc_endpoint",
      "name": "events",
      "each": "list",
      "provider": "provider.aws",
      "instances": []
    },
    {
      "module": "module.vpc",
      "mode": "managed",
      "type": "aws_vpc_endpoint",
      "name": "git_codecommit",
      "each": "list",
      "provider": "provider.aws",
      "instances": []
    },
    {
      "module": "module.vpc",
      "mode": "managed",
      "type": "aws_vpc_endpoint",
      "name": "glue",
      "each": "list",
      "provider": "provider.aws",
      "instances": []
    },
    {
      "module": "module.vpc",
      "mode": "managed",
      "type": "aws_vpc_endpoint",
      "name": "kinesis_firehose",
      "each": "list",
      "provider": "provider.aws",
      "instances": []
    },
    {
      "module": "module.vpc",
      "mode": "managed",
      "type": "aws_vpc_endpoint",
      "name": "kinesis_streams",
      "each": "list",
      "provider": "provider.aws",
      "instances": []
    },
    {
      "module": "module.vpc",
      "mode": "managed",
      "type": "aws_vpc_endpoint",
      "name": "kms",
      "each": "list",
      "provider": "provider.aws",
      "instances": []
    },
    {
      "module": "module.vpc",
      "mode": "managed",
      "type": "aws_vpc_endpoint",
      "name": "logs",
      "each": "list",
      "provider": "provider.aws",
      "instances": []
    },
    {
      "module": "module.vpc",
      "mode": "managed",
      "type": "aws_vpc_endpoint",
      "name": "monitoring",
      "each": "list",
      "provider": "provider.aws",
      "instances": []
    },
    {
      "module": "module.vpc",
      "mode": "managed",
      "type": "aws_vpc_endpoint",
      "name": "rekognition",
      "each": "list",
      "provider": "provider.aws",
      "instances": []
    },
    {
      "module": "module.vpc",
      "mode": "managed",
      "type": "aws_vpc_endpoint",
      "name": "s3",
      "each": "list",
      "provider": "provider.aws",
      "instances": []
    },
    {
      "module": "module.vpc",
      "mode": "managed",
      "type": "aws_vpc_endpoint",
      "name": "sagemaker_api",
      "each": "list",
      "provider": "provider.aws",
      "instances": []
    },
    {
      "module": "module.vpc",
      "mode": "managed",
      "type": "aws_vpc_endpoint",
      "name": "sagemaker_notebook",
      "each": "list",
      "provider": "provider.aws",
      "instances": []
    },
    {
      "module": "module.vpc",
      "mode": "managed",
      "type": "aws_vpc_endpoint",
      "name": "sagemaker_runtime",
      "each": "list",
      "provider": "provider.aws",
      "instances": []
    },
    {
      "module": "module.vpc",
      "mode": "managed",
      "type": "aws_vpc_endpoint",
      "name": "secretsmanager",
      "each": "list",
      "provider": "provider.aws",
      "instances": []
    },
    {
      "module": "module.vpc",
      "mode": "managed",
      "type": "aws_vpc_endpoint",
      "name": "servicecatalog",
      "each": "list",
      "provider": "provider.aws",
      "instances": []
    },
    {
      "module": "module.vpc",
      "mode": "managed",
      "type": "aws_vpc_endpoint",
      "name": "sns",
      "each": "list",
      "provider": "provider.aws",
      "instances": []
    },
    {
      "module": "module.vpc",
      "mode": "managed",
      "type": "aws_vpc_endpoint",
      "name": "sqs",
      "each": "list",
      "provider": "provider.aws",
      "instances": []
    },
    {
      "module": "module.vpc",
      "mode": "managed",
      "type": "aws_vpc_endpoint",
      "name": "ssm",
      "each": "list",
      "provider": "provider.aws",
      "instances": []
    },
    {
      "module": "module.vpc",
      "mode": "managed",
      "type": "aws_vpc_endpoint",
      "name": "ssmmessages",
      "each": "list",
      "provider": "provider.aws",
      "instances": []
    },
    {
      "module": "module.vpc",
      "mode": "managed",
      "type": "aws_vpc_endpoint",
      "name": "storagegateway",
      "each": "list",
      "provider": "provider.aws",
      "instances": []
    },
    {
      "module": "module.vpc",
      "mode": "managed",
      "type": "aws_vpc_endpoint",
      "name": "sts",
      "each": "list",
      "provider": "provider.aws",
      "instances": []
    },
    {
      "module": "module.vpc",
      "mode": "managed",
      "type": "aws_vpc_endpoint",
      "name": "transfer",
      "each": "list",
      "provider": "provider.aws",
      "instances": []
    },
    {
      "module": "module.vpc",
      "mode": "managed",
      "type": "aws_vpc_endpoint",
      "name": "transferserver",
      "each": "list",
      "provider": "provider.aws",
      "instances": []
    },
    {
      "module": "module.vpc",
      "mode": "managed",
      "type": "aws_vpc_endpoint_route_table_association",
      "name": "intra_dynamodb",
      "each": "list",
      "provider": "provider.aws",
      "instances": []
    },
    {
      "module": "module.vpc",
      "mode": "managed",
      "type": "aws_vpc_endpoint_route_table_association",
      "name": "intra_s3",
      "each": "list",
      "provider": "provider.aws",
      "instances": []
    },
    {
      "module": "module.vpc",
      "mode": "managed",
      "type": "aws_vpc_endpoint_route_table_association",
      "name": "private_dynamodb",
      "each": "list",
      "provider": "provider.aws",
      "instances": []
    },
    {
      "module": "module.vpc",
      "mode": "managed",
      "type": "aws_vpc_endpoint_route_table_association",
      "name": "private_s3",
      "each": "list",
      "provider": "provider.aws",
      "instances": []
    },
    {
      "module": "module.vpc",
      "mode": "managed",
      "type": "aws_vpc_endpoint_route_table_association",
      "name": "public_dynamodb",
      "each": "list",
      "provider": "provider.aws",
      "instances": []
    },
    {
      "module": "module.vpc",
      "mode": "managed",
      "type": "aws_vpc_endpoint_route_table_association",
      "name": "public_s3",
      "each": "list",
      "provider": "provider.aws",
      "instances": []
    },
    {
      "module": "module.vpc",
      "mode": "managed",
      "type": "aws_vpc_ipv4_cidr_block_association",
      "name": "this",
      "each": "list",
      "provider": "provider.aws",
      "instances": []
    },
    {
      "module": "module.vpc",
      "mode": "managed",
      "type": "aws_vpn_gateway",
      "name": "this",
      "each": "list",
      "provider": "provider.aws",
      "instances": []
    },
    {
      "module": "module.vpc",
      "mode": "managed",
      "type": "aws_vpn_gateway_attachment",
      "name": "this",
      "each": "list",
      "provider": "provider.aws",
      "instances": []
    },
    {
      "module": "module.vpc",
      "mode": "managed",
      "type": "aws_vpn_gateway_route_propagation",
      "name": "private",
      "each": "list",
      "provider": "provider.aws",
      "instances": []
    },
    {
      "module": "module.vpc",
      "mode": "managed",
      "type": "aws_vpn_gateway_route_propagation",
      "name": "public",
      "each": "list",
      "provider": "provider.aws",
      "instances": []
    },
    {
      "module": "module.cluster-1",
      "mode": "managed",
      "type": "local_file",
      "name": "config_map_aws_auth",
      "each": "list",
      "provider": "provider.local",
      "instances": [
        {
          "index_key": 0,
          "schema_version": 0,
          "attributes": {
            "content": "apiVersion: v1\nkind: ConfigMap\nmetadata:\n  name: aws-auth\n  namespace: kube-system\ndata:\n  mapRoles: |\n    - rolearn: arn:aws:iam::552086789601:role/cloudskiff-eks-KCcCmkbB20200508091319629900000006\n      username: system:node:{{EC2PrivateDNSName}}\n      groups:\n        - system:bootstrappers\n        - system:nodes\n\n  \n  \n  \n",
            "content_base64": null,
            "directory_permission": "0777",
            "file_permission": "0777",
            "filename": "./config-map-aws-auth_cloudskiff-eks-KCcCmkbB.yaml",
            "id": "d1114c349cd1b6d05ce59d4a2cbccc1efb0750ec",
            "sensitive_content": null
          },
          "private": "bnVsbA==",
          "dependencies": [
            "aws_key_pair.admin",
            "module.cluster-1.aws_cloudwatch_log_group.this",
            "module.cluster-1.aws_eks_cluster.this",
            "module.cluster-1.aws_iam_instance_profile.workers",
            "module.cluster-1.aws_iam_role.cluster",
            "module.cluster-1.aws_iam_role.workers",
            "module.cluster-1.aws_iam_role_policy_attachment.cluster_AmazonEKSClusterPolicy",
            "module.cluster-1.aws_iam_role_policy_attachment.cluster_AmazonEKSServicePolicy",
            "module.cluster-1.aws_security_group.cluster",
            "module.vpc.aws_subnet.private",
            "module.vpc.aws_vpc.this",
            "module.vpc.aws_vpc_ipv4_cidr_block_association.this",
            "random_string.suffix"
          ]
        }
      ]
    },
    {
      "module": "module.cluster-1",
      "mode": "managed",
      "type": "local_file",
      "name": "kubeconfig",
      "each": "list",
      "provider": "provider.local",
      "instances": [
        {
          "index_key": 0,
          "schema_version": 0,
          "attributes": {
            "content": "apiVersion: v1\npreferences: {}\nkind: Config\n\nclusters:\n- cluster:\n    server: https://040771BEEBE4D80B22056D9DA3A922C9.gr7.us-east-2.eks.amazonaws.com\n    certificate-authority-data: LS0tLS1CRUdJTiBDRVJUSUZJQ0FURS0tLS0tCk1JSUN5RENDQWJDZ0F3SUJBZ0lCQURBTkJna3Foa2lHOXcwQkFRc0ZBREFWTVJNd0VRWURWUVFERXdwcmRXSmwKY201bGRHVnpNQjRYRFRJd01EVXdPREE1TVRFeU9Gb1hEVE13TURVd05qQTVNVEV5T0Zvd0ZURVRNQkVHQTFVRQpBeE1LYTNWaVpYSnVaWFJsY3pDQ0FTSXdEUVlKS29aSWh2Y05BUUVCQlFBRGdnRVBBRENDQVFvQ2dnRUJBTHlhCjBUbTlVaVZDREtvQ0FidnFVSVF1dzBsOUduZ1pMa2VOSjE3QTBndXJHL1hqVjJJNXdSV2ZOQ1BLcHRUR2JReU0KMER4MGJ2N1loRjNiNnMrTllCNWNoQjNZcWJMeWJ0RFAyc1Z6bHU2TXlSWGRhT1J4SDRrWVUzZGc1QXc5TU5oUwpqSzNoVGU5ZkdSNU1TNWd6cXZWc2s3eGVjR2FGemVBa3JlSnpiUDhjbU9FdU9nZWxCL3lRSG1WT0MwaTRWK1c4CkZNQzE2ckwwWGtzcFhTcjc0ZlEwbjZuNUphTXE2dEprdHgyZXpINVFyUm5FMk5iQzhscDJUWlVkRlBtMHBhMlgKc05UWCtrUW51dElBd1ZtRjBERGhmTkl2dDRyVzhkKytDSW1VanI0MWx0amRhYkNZVXJNaitrOTNSU2l3MkxQNwpsemRDTy9yWEFiTVBhT0t1Z1pzQ0F3RUFBYU1qTUNFd0RnWURWUjBQQVFIL0JBUURBZ0trTUE4R0ExVWRFd0VCCi93UUZNQU1CQWY4d0RRWUpLb1pJaHZjTkFRRUxCUUFEZ2dFQkFEYS9KRFVSNWU5WGZGVlRvcGlaM2ZudUVDQzYKdmdmZlp0MmwxR1VFQzBlWVZZdWd6Y2thOVpsdDRyYlNScHQ5em9WbTJBV1ZidTNZaGNzSTJsVmU3Zk1WbFB5WApoZnpaekE4enZ6SE9RVzcxekN3d2IwTUU2N3J1eC96bWlldDVSUHY1c3QzaVB5YXV2M1ZoSi91ZDhyYitXSVJxCnA0T2FCNk1WelZKZGlsWnFiV2FSek4zWVY4ODc4TlhxVytYblZkcll5aDk5SGtEOUt6QU9SaU9DUll4clJlaGYKZmJEZ3I1UG1OZTBXcEwwV0ViWTMzbGF5NkVxNVMvYmFhM3NzUEZ5cUJQZnVJNmF4Sm9TKzBkYnVKZXQ5NWoyRAo3NGNyWG1DRWNQMXlSRWQxbUU1VWR3Z1VWbmxwZVJ0NVNRL3RRQk5hemhCaWhlZVBTMTl3RDVJRE0xWT0KLS0tLS1FTkQgQ0VSVElGSUNBVEUtLS0tLQo=\n  name: eks_cloudskiff-eks-KCcCmkbB\n\ncontexts:\n- context:\n    cluster: eks_cloudskiff-eks-KCcCmkbB\n    user: eks_cloudskiff-eks-KCcCmkbB\n  name: eks_cloudskiff-eks-KCcCmkbB\n\ncurrent-context: eks_cloudskiff-eks-KCcCmkbB\n\nusers:\n- name: eks_cloudskiff-eks-KCcCmkbB\n  user:\n    exec:\n      apiVersion: client.authentication.k8s.io/v1alpha1\n      command: aws-iam-authenticator\n      args:\n        - \"token\"\n        - \"-i\"\n        - \"cloudskiff-eks-KCcCmkbB\"\n\n\n",
            "content_base64": null,
            "directory_permission": "0777",
            "file_permission": "0777",
            "filename": "./kubeconfig_cloudskiff-eks-KCcCmkbB",
            "id": "56f452331352c4f19f5dd5054ab6632e70f49176",
            "sensitive_content": null
          },
          "private": "bnVsbA==",
          "dependencies": [
            "module.cluster-1.aws_cloudwatch_log_group.this",
            "module.cluster-1.aws_eks_cluster.this",
            "module.cluster-1.aws_iam_role.cluster",
            "module.cluster-1.aws_iam_role_policy_attachment.cluster_AmazonEKSClusterPolicy",
            "module.cluster-1.aws_iam_role_policy_attachment.cluster_AmazonEKSServicePolicy",
            "module.cluster-1.aws_security_group.cluster",
            "module.vpc.aws_subnet.private",
            "module.vpc.aws_vpc.this",
            "module.vpc.aws_vpc_ipv4_cidr_block_association.this",
            "random_string.suffix"
          ]
        }
      ]
    },
    {
      "module": "module.cluster-1",
      "mode": "managed",
      "type": "null_resource",
      "name": "update_config_map_aws_auth",
      "each": "list",
      "provider": "provider.null",
      "instances": [
        {
          "index_key": 0,
          "schema_version": 0,
          "attributes": {
            "id": "8922944474077584167",
            "triggers": {
              "config_map_rendered": "apiVersion: v1\nkind: ConfigMap\nmetadata:\n  name: aws-auth\n  namespace: kube-system\ndata:\n  mapRoles: |\n    - rolearn: arn:aws:iam::552086789601:role/cloudskiff-eks-KCcCmkbB20200508091319629900000006\n      username: system:node:{{EC2PrivateDNSName}}\n      groups:\n        - system:bootstrappers\n        - system:nodes\n\n  \n  \n  \n",
              "endpoint": "https://040771BEEBE4D80B22056D9DA3A922C9.gr7.us-east-2.eks.amazonaws.com",
              "kube_config_map_rendered": "apiVersion: v1\npreferences: {}\nkind: Config\n\nclusters:\n- cluster:\n    server: https://040771BEEBE4D80B22056D9DA3A922C9.gr7.us-east-2.eks.amazonaws.com\n    certificate-authority-data: LS0tLS1CRUdJTiBDRVJUSUZJQ0FURS0tLS0tCk1JSUN5RENDQWJDZ0F3SUJBZ0lCQURBTkJna3Foa2lHOXcwQkFRc0ZBREFWTVJNd0VRWURWUVFERXdwcmRXSmwKY201bGRHVnpNQjRYRFRJd01EVXdPREE1TVRFeU9Gb1hEVE13TURVd05qQTVNVEV5T0Zvd0ZURVRNQkVHQTFVRQpBeE1LYTNWaVpYSnVaWFJsY3pDQ0FTSXdEUVlKS29aSWh2Y05BUUVCQlFBRGdnRVBBRENDQVFvQ2dnRUJBTHlhCjBUbTlVaVZDREtvQ0FidnFVSVF1dzBsOUduZ1pMa2VOSjE3QTBndXJHL1hqVjJJNXdSV2ZOQ1BLcHRUR2JReU0KMER4MGJ2N1loRjNiNnMrTllCNWNoQjNZcWJMeWJ0RFAyc1Z6bHU2TXlSWGRhT1J4SDRrWVUzZGc1QXc5TU5oUwpqSzNoVGU5ZkdSNU1TNWd6cXZWc2s3eGVjR2FGemVBa3JlSnpiUDhjbU9FdU9nZWxCL3lRSG1WT0MwaTRWK1c4CkZNQzE2ckwwWGtzcFhTcjc0ZlEwbjZuNUphTXE2dEprdHgyZXpINVFyUm5FMk5iQzhscDJUWlVkRlBtMHBhMlgKc05UWCtrUW51dElBd1ZtRjBERGhmTkl2dDRyVzhkKytDSW1VanI0MWx0amRhYkNZVXJNaitrOTNSU2l3MkxQNwpsemRDTy9yWEFiTVBhT0t1Z1pzQ0F3RUFBYU1qTUNFd0RnWURWUjBQQVFIL0JBUURBZ0trTUE4R0ExVWRFd0VCCi93UUZNQU1CQWY4d0RRWUpLb1pJaHZjTkFRRUxCUUFEZ2dFQkFEYS9KRFVSNWU5WGZGVlRvcGlaM2ZudUVDQzYKdmdmZlp0MmwxR1VFQzBlWVZZdWd6Y2thOVpsdDRyYlNScHQ5em9WbTJBV1ZidTNZaGNzSTJsVmU3Zk1WbFB5WApoZnpaekE4enZ6SE9RVzcxekN3d2IwTUU2N3J1eC96bWlldDVSUHY1c3QzaVB5YXV2M1ZoSi91ZDhyYitXSVJxCnA0T2FCNk1WelZKZGlsWnFiV2FSek4zWVY4ODc4TlhxVytYblZkcll5aDk5SGtEOUt6QU9SaU9DUll4clJlaGYKZmJEZ3I1UG1OZTBXcEwwV0ViWTMzbGF5NkVxNVMvYmFhM3NzUEZ5cUJQZnVJNmF4Sm9TKzBkYnVKZXQ5NWoyRAo3NGNyWG1DRWNQMXlSRWQxbUU1VWR3Z1VWbmxwZVJ0NVNRL3RRQk5hemhCaWhlZVBTMTl3RDVJRE0xWT0KLS0tLS1FTkQgQ0VSVElGSUNBVEUtLS0tLQo=\n  name: eks_cloudskiff-eks-KCcCmkbB\n\ncontexts:\n- context:\n    cluster: eks_cloudskiff-eks-KCcCmkbB\n    user: eks_cloudskiff-eks-KCcCmkbB\n  name: eks_cloudskiff-eks-KCcCmkbB\n\ncurrent-context: eks_cloudskiff-eks-KCcCmkbB\n\nusers:\n- name: eks_cloudskiff-eks-KCcCmkbB\n  user:\n    exec:\n      apiVersion: client.authentication.k8s.io/v1alpha1\n      command: aws-iam-authenticator\n      args:\n        - \"token\"\n        - \"-i\"\n        - \"cloudskiff-eks-KCcCmkbB\"\n\n\n"
            }
          },
          "private": "bnVsbA==",
          "dependencies": [
            "aws_key_pair.admin",
            "module.cluster-1.aws_cloudwatch_log_group.this",
            "module.cluster-1.aws_eks_cluster.this",
            "module.cluster-1.aws_iam_instance_profile.workers",
            "module.cluster-1.aws_iam_role.cluster",
            "module.cluster-1.aws_iam_role.workers",
            "module.cluster-1.aws_iam_role_policy_attachment.cluster_AmazonEKSClusterPolicy",
            "module.cluster-1.aws_iam_role_policy_attachment.cluster_AmazonEKSServicePolicy",
            "module.cluster-1.aws_security_group.cluster",
            "module.vpc.aws_subnet.private",
            "module.vpc.aws_vpc.this",
            "module.vpc.aws_vpc_ipv4_cidr_block_association.this",
            "random_string.suffix"
          ]
        }
      ]
    },
    {
      "module": "module.cluster-1",
      "mode": "managed",
      "type": "random_pet",
      "name": "workers",
      "each": "list",
      "provider": "provider.random",
      "instances": [
        {
          "index_key": 0,
          "schema_version": 0,
          "attributes": {
            "id": "driving-giraffe",
            "keepers": {
              "lc_name": "cloudskiff-eks-KCcCmkbB-1.14-wg-small2020050809132415060000000d"
            },
            "length": 2,
            "prefix": null,
            "separator": "-"
          },
          "private": "bnVsbA==",
          "dependencies": [
            "aws_key_pair.admin",
            "module.cluster-1.aws_cloudwatch_log_group.this",
            "module.cluster-1.aws_eks_cluster.this",
            "module.cluster-1.aws_iam_instance_profile.workers",
            "module.cluster-1.aws_iam_role.cluster",
            "module.cluster-1.aws_iam_role.workers",
            "module.cluster-1.aws_iam_role_policy_attachment.cluster_AmazonEKSClusterPolicy",
            "module.cluster-1.aws_iam_role_policy_attachment.cluster_AmazonEKSServicePolicy",
            "module.cluster-1.aws_launch_configuration.workers",
            "module.cluster-1.aws_security_group.cluster",
            "module.cluster-1.aws_security_group.workers",
            "module.vpc.aws_subnet.private",
            "module.vpc.aws_vpc.this",
            "module.vpc.aws_vpc_ipv4_cidr_block_association.this",
            "random_string.suffix"
          ]
        }
      ]
    },
    {
      "module": "module.cluster-1",
      "mode": "managed",
      "type": "random_pet",
      "name": "workers_launch_template",
      "each": "list",
      "provider": "provider.random",
      "instances": []
    },
    {
      "mode": "managed",
      "type": "random_string",
      "name": "suffix",
      "provider": "provider.random",
      "instances": [
        {
          "schema_version": 1,
          "attributes": {
            "id": "KCcCmkbB",
            "keepers": null,
            "length": 8,
            "lower": true,
            "min_lower": 0,
            "min_numeric": 0,
            "min_special": 0,
            "min_upper": 0,
            "number": true,
            "override_special": null,
            "result": "KCcCmkbB",
            "special": false,
            "upper": true
          },
          "private": "eyJzY2hlbWFfdmVyc2lvbiI6IjEifQ=="
        }
      ]
    }
  ]
}
